// !$*UTF8*$!
{
	archiveVersion = 1;
	classes = {
	};
	objectVersion = 42;
	objects = {

/* Begin PBXAggregateTarget section */
		7EE6A4150AA57773004ED342 /* Install as InputManager */ = {
			isa = PBXAggregateTarget;
			buildConfigurationList = 7EE6A41D0AA57789004ED342 /* Build configuration list for PBXAggregateTarget "Install as InputManager" */;
			buildPhases = (
				7EE6A4140AA57773004ED342 /* CopyFiles */,
			);
			dependencies = (
				7EE6A4190AA5777B004ED342 /* PBXTargetDependency */,
			);
			name = "Install as InputManager";
			productName = "Install as InputManager";
		};
/* End PBXAggregateTarget section */

/* Begin PBXBuildFile section */
		7EAD12640A97618100E35A7F /* L0Afloat.m in Sources */ = {isa = PBXBuildFile; fileRef = 7EAD12470A97618000E35A7F /* L0Afloat.m */; };
		7EAD12650A97618100E35A7F /* L0AfloatAni.m in Sources */ = {isa = PBXBuildFile; fileRef = 7EAD12490A97618100E35A7F /* L0AfloatAni.m */; };
		7EAD12660A97618100E35A7F /* L0AfloatAnimationServices.m in Sources */ = {isa = PBXBuildFile; fileRef = 7EAD124B0A97618100E35A7F /* L0AfloatAnimationServices.m */; };
		7EAD12670A97618100E35A7F /* L0AfloatModule.m in Sources */ = {isa = PBXBuildFile; fileRef = 7EAD124D0A97618100E35A7F /* L0AfloatModule.m */; };
		7EAD12680A97618100E35A7F /* L0AfloatMulticastStepAnimator.m in Sources */ = {isa = PBXBuildFile; fileRef = 7EAD124F0A97618100E35A7F /* L0AfloatMulticastStepAnimator.m */; };
		7EAD12690A97618100E35A7F /* L0AfloatSimpleStepAnimator.m in Sources */ = {isa = PBXBuildFile; fileRef = 7EAD12510A97618100E35A7F /* L0AfloatSimpleStepAnimator.m */; };
		7EAD126A0A97618100E35A7F /* L0AfloatStepAnimator.m in Sources */ = {isa = PBXBuildFile; fileRef = 7EAD12530A97618100E35A7F /* L0AfloatStepAnimator.m */; };
		7EAD126B0A97618100E35A7F /* L0AfloatTransparencyUI.m in Sources */ = {isa = PBXBuildFile; fileRef = 7EAD12550A97618100E35A7F /* L0AfloatTransparencyUI.m */; };
		7EAD126C0A97618100E35A7F /* L0AfloatWindowAlphaAnimation.m in Sources */ = {isa = PBXBuildFile; fileRef = 7EAD12570A97618100E35A7F /* L0AfloatWindowAlphaAnimation.m */; };
		7EAD126D0A97618100E35A7F /* L0AfloatWindowFloater.m in Sources */ = {isa = PBXBuildFile; fileRef = 7EAD12590A97618100E35A7F /* L0AfloatWindowFloater.m */; };
		7EAD126E0A97618100E35A7F /* L0AfloatWindowFrameAnimation.m in Sources */ = {isa = PBXBuildFile; fileRef = 7EAD125B0A97618100E35A7F /* L0AfloatWindowFrameAnimation.m */; };
		7EAD126F0A97618100E35A7F /* L0AfloatWindowGhoster.m in Sources */ = {isa = PBXBuildFile; fileRef = 7EAD125D0A97618100E35A7F /* L0AfloatWindowGhoster.m */; };
		7EAD12700A97618100E35A7F /* L0AfloatWindowModule.m in Sources */ = {isa = PBXBuildFile; fileRef = 7EAD125F0A97618100E35A7F /* L0AfloatWindowModule.m */; };
		7EAD12710A97618100E35A7F /* L0AfloatWindowMover.m in Sources */ = {isa = PBXBuildFile; fileRef = 7EAD12610A97618100E35A7F /* L0AfloatWindowMover.m */; };
		7EAD12720A97618100E35A7F /* L0AfloatWindowTransitions.m in Sources */ = {isa = PBXBuildFile; fileRef = 7EAD12630A97618100E35A7F /* L0AfloatWindowTransitions.m */; };
		7EAD12840A97621500E35A7F /* Transparency.nib in Resources */ = {isa = PBXBuildFile; fileRef = 7EAD12800A97621500E35A7F /* Transparency.nib */; };
		7EAD12850A97621500E35A7F /* MainMenu.nib in Resources */ = {isa = PBXBuildFile; fileRef = 7EAD12820A97621500E35A7F /* MainMenu.nib */; };
		7EE6A41A0AA57781004ED342 /* Afloat.bundle in CopyFiles */ = {isa = PBXBuildFile; fileRef = 8D5B49B6048680CD000E48DA /* Afloat.bundle */; };
		7EE6A4210AA577AE004ED342 /* Info in CopyFiles */ = {isa = PBXBuildFile; fileRef = 7EE6A4200AA577AE004ED342 /* Info */; };
		8D5B49B0048680CD000E48DA /* InfoPlist.strings in Resources */ = {isa = PBXBuildFile; fileRef = 089C167DFE841241C02AAC07 /* InfoPlist.strings */; };
		8D5B49B4048680CD000E48DA /* Cocoa.framework in Frameworks */ = {isa = PBXBuildFile; fileRef = 1058C7ADFEA557BF11CA2CBB /* Cocoa.framework */; };
/* End PBXBuildFile section */

/* Begin PBXContainerItemProxy section */
		7EE6A4180AA5777B004ED342 /* PBXContainerItemProxy */ = {
			isa = PBXContainerItemProxy;
			containerPortal = 089C1669FE841209C02AAC07 /* Project object */;
			proxyType = 1;
			remoteGlobalIDString = 8D5B49AC048680CD000E48DA /* Afloat */;
			remoteInfo = Afloat;
		};
/* End PBXContainerItemProxy section */

/* Begin PBXCopyFilesBuildPhase section */
		7EE6A4140AA57773004ED342 /* CopyFiles */ = {
			isa = PBXCopyFilesBuildPhase;
			buildActionMask = 2147483647;
			dstPath = "/$(HOME)/Library/InputManagers/Afloat Support";
			dstSubfolderSpec = 0;
			files = (
				7EE6A41A0AA57781004ED342 /* Afloat.bundle in CopyFiles */,
				7EE6A4210AA577AE004ED342 /* Info in CopyFiles */,
			);
			runOnlyForDeploymentPostprocessing = 0;
		};
/* End PBXCopyFilesBuildPhase section */

/* Begin PBXFileReference section */
		089C1672FE841209C02AAC07 /* Foundation.framework */ = {isa = PBXFileReference; lastKnownFileType = wrapper.framework; name = Foundation.framework; path = /System/Library/Frameworks/Foundation.framework; sourceTree = "<absolute>"; };
		089C167EFE841241C02AAC07 /* English */ = {isa = PBXFileReference; fileEncoding = 10; lastKnownFileType = text.plist.strings; name = English; path = English.lproj/InfoPlist.strings; sourceTree = "<group>"; };
		089C167FFE841241C02AAC07 /* AppKit.framework */ = {isa = PBXFileReference; lastKnownFileType = wrapper.framework; name = AppKit.framework; path = /System/Library/Frameworks/AppKit.framework; sourceTree = "<absolute>"; };
		1058C7ADFEA557BF11CA2CBB /* Cocoa.framework */ = {isa = PBXFileReference; lastKnownFileType = wrapper.framework; name = Cocoa.framework; path = /System/Library/Frameworks/Cocoa.framework; sourceTree = "<absolute>"; };
		32DBCF630370AF2F00C91783 /* Afloat_Prefix.pch */ = {isa = PBXFileReference; fileEncoding = 4; lastKnownFileType = sourcecode.c.h; path = Afloat_Prefix.pch; sourceTree = "<group>"; };
		7EAD12460A97618000E35A7F /* L0Afloat.h */ = {isa = PBXFileReference; fileEncoding = 30; lastKnownFileType = sourcecode.c.h; path = L0Afloat.h; sourceTree = "<group>"; };
		7EAD12470A97618000E35A7F /* L0Afloat.m */ = {isa = PBXFileReference; fileEncoding = 30; lastKnownFileType = sourcecode.c.objc; path = L0Afloat.m; sourceTree = "<group>"; };
		7EAD12480A97618000E35A7F /* L0AfloatAni.h */ = {isa = PBXFileReference; fileEncoding = 30; lastKnownFileType = sourcecode.c.h; path = L0AfloatAni.h; sourceTree = "<group>"; };
		7EAD12490A97618100E35A7F /* L0AfloatAni.m */ = {isa = PBXFileReference; fileEncoding = 30; lastKnownFileType = sourcecode.c.objc; path = L0AfloatAni.m; sourceTree = "<group>"; };
		7EAD124A0A97618100E35A7F /* L0AfloatAnimationServices.h */ = {isa = PBXFileReference; fileEncoding = 30; lastKnownFileType = sourcecode.c.h; path = L0AfloatAnimationServices.h; sourceTree = "<group>"; };
		7EAD124B0A97618100E35A7F /* L0AfloatAnimationServices.m */ = {isa = PBXFileReference; fileEncoding = 30; lastKnownFileType = sourcecode.c.objc; path = L0AfloatAnimationServices.m; sourceTree = "<group>"; };
		7EAD124C0A97618100E35A7F /* L0AfloatModule.h */ = {isa = PBXFileReference; fileEncoding = 30; lastKnownFileType = sourcecode.c.h; path = L0AfloatModule.h; sourceTree = "<group>"; };
		7EAD124D0A97618100E35A7F /* L0AfloatModule.m */ = {isa = PBXFileReference; fileEncoding = 30; lastKnownFileType = sourcecode.c.objc; path = L0AfloatModule.m; sourceTree = "<group>"; };
		7EAD124E0A97618100E35A7F /* L0AfloatMulticastStepAnimator.h */ = {isa = PBXFileReference; fileEncoding = 30; lastKnownFileType = sourcecode.c.h; path = L0AfloatMulticastStepAnimator.h; sourceTree = "<group>"; };
		7EAD124F0A97618100E35A7F /* L0AfloatMulticastStepAnimator.m */ = {isa = PBXFileReference; fileEncoding = 30; lastKnownFileType = sourcecode.c.objc; path = L0AfloatMulticastStepAnimator.m; sourceTree = "<group>"; };
		7EAD12500A97618100E35A7F /* L0AfloatSimpleStepAnimator.h */ = {isa = PBXFileReference; fileEncoding = 30; lastKnownFileType = sourcecode.c.h; path = L0AfloatSimpleStepAnimator.h; sourceTree = "<group>"; };
		7EAD12510A97618100E35A7F /* L0AfloatSimpleStepAnimator.m */ = {isa = PBXFileReference; fileEncoding = 30; lastKnownFileType = sourcecode.c.objc; path = L0AfloatSimpleStepAnimator.m; sourceTree = "<group>"; };
		7EAD12520A97618100E35A7F /* L0AfloatStepAnimator.h */ = {isa = PBXFileReference; fileEncoding = 30; lastKnownFileType = sourcecode.c.h; path = L0AfloatStepAnimator.h; sourceTree = "<group>"; };
		7EAD12530A97618100E35A7F /* L0AfloatStepAnimator.m */ = {isa = PBXFileReference; fileEncoding = 30; lastKnownFileType = sourcecode.c.objc; path = L0AfloatStepAnimator.m; sourceTree = "<group>"; };
		7EAD12540A97618100E35A7F /* L0AfloatTransparencyUI.h */ = {isa = PBXFileReference; fileEncoding = 30; lastKnownFileType = sourcecode.c.h; path = L0AfloatTransparencyUI.h; sourceTree = "<group>"; };
		7EAD12550A97618100E35A7F /* L0AfloatTransparencyUI.m */ = {isa = PBXFileReference; fileEncoding = 30; lastKnownFileType = sourcecode.c.objc; path = L0AfloatTransparencyUI.m; sourceTree = "<group>"; };
		7EAD12560A97618100E35A7F /* L0AfloatWindowAlphaAnimation.h */ = {isa = PBXFileReference; fileEncoding = 30; lastKnownFileType = sourcecode.c.h; path = L0AfloatWindowAlphaAnimation.h; sourceTree = "<group>"; };
		7EAD12570A97618100E35A7F /* L0AfloatWindowAlphaAnimation.m */ = {isa = PBXFileReference; fileEncoding = 30; lastKnownFileType = sourcecode.c.objc; path = L0AfloatWindowAlphaAnimation.m; sourceTree = "<group>"; };
		7EAD12580A97618100E35A7F /* L0AfloatWindowFloater.h */ = {isa = PBXFileReference; fileEncoding = 30; lastKnownFileType = sourcecode.c.h; path = L0AfloatWindowFloater.h; sourceTree = "<group>"; };
		7EAD12590A97618100E35A7F /* L0AfloatWindowFloater.m */ = {isa = PBXFileReference; fileEncoding = 30; lastKnownFileType = sourcecode.c.objc; path = L0AfloatWindowFloater.m; sourceTree = "<group>"; };
		7EAD125A0A97618100E35A7F /* L0AfloatWindowFrameAnimation.h */ = {isa = PBXFileReference; fileEncoding = 30; lastKnownFileType = sourcecode.c.h; path = L0AfloatWindowFrameAnimation.h; sourceTree = "<group>"; };
		7EAD125B0A97618100E35A7F /* L0AfloatWindowFrameAnimation.m */ = {isa = PBXFileReference; fileEncoding = 30; lastKnownFileType = sourcecode.c.objc; path = L0AfloatWindowFrameAnimation.m; sourceTree = "<group>"; };
		7EAD125C0A97618100E35A7F /* L0AfloatWindowGhoster.h */ = {isa = PBXFileReference; fileEncoding = 30; lastKnownFileType = sourcecode.c.h; path = L0AfloatWindowGhoster.h; sourceTree = "<group>"; };
		7EAD125D0A97618100E35A7F /* L0AfloatWindowGhoster.m */ = {isa = PBXFileReference; fileEncoding = 30; lastKnownFileType = sourcecode.c.objc; path = L0AfloatWindowGhoster.m; sourceTree = "<group>"; };
		7EAD125E0A97618100E35A7F /* L0AfloatWindowModule.h */ = {isa = PBXFileReference; fileEncoding = 30; lastKnownFileType = sourcecode.c.h; path = L0AfloatWindowModule.h; sourceTree = "<group>"; };
		7EAD125F0A97618100E35A7F /* L0AfloatWindowModule.m */ = {isa = PBXFileReference; fileEncoding = 30; lastKnownFileType = sourcecode.c.objc; path = L0AfloatWindowModule.m; sourceTree = "<group>"; };
		7EAD12600A97618100E35A7F /* L0AfloatWindowMover.h */ = {isa = PBXFileReference; fileEncoding = 30; lastKnownFileType = sourcecode.c.h; path = L0AfloatWindowMover.h; sourceTree = "<group>"; };
		7EAD12610A97618100E35A7F /* L0AfloatWindowMover.m */ = {isa = PBXFileReference; fileEncoding = 30; lastKnownFileType = sourcecode.c.objc; path = L0AfloatWindowMover.m; sourceTree = "<group>"; };
		7EAD12620A97618100E35A7F /* L0AfloatWindowTransitions.h */ = {isa = PBXFileReference; fileEncoding = 30; lastKnownFileType = sourcecode.c.h; path = L0AfloatWindowTransitions.h; sourceTree = "<group>"; };
		7EAD12630A97618100E35A7F /* L0AfloatWindowTransitions.m */ = {isa = PBXFileReference; fileEncoding = 30; lastKnownFileType = sourcecode.c.objc; path = L0AfloatWindowTransitions.m; sourceTree = "<group>"; };
		7EAD12810A97621500E35A7F /* English */ = {isa = PBXFileReference; lastKnownFileType = wrapper.nib; name = English; path = English.lproj/Transparency.nib; sourceTree = "<group>"; };
		7EAD12830A97621500E35A7F /* English */ = {isa = PBXFileReference; lastKnownFileType = wrapper.nib; name = English; path = English.lproj/MainMenu.nib; sourceTree = "<group>"; };
		7EE6A4200AA577AE004ED342 /* Info */ = {isa = PBXFileReference; fileEncoding = 4; lastKnownFileType = text.xml; path = Info; sourceTree = "<group>"; };
		8D5B49B6048680CD000E48DA /* Afloat.bundle */ = {isa = PBXFileReference; explicitFileType = wrapper.cfbundle; includeInIndex = 0; path = Afloat.bundle; sourceTree = BUILT_PRODUCTS_DIR; };
		8D5B49B7048680CD000E48DA /* Info.plist */ = {isa = PBXFileReference; fileEncoding = 4; lastKnownFileType = text.xml; path = Info.plist; sourceTree = "<group>"; };
		D2F7E65807B2D6F200F64583 /* CoreData.framework */ = {isa = PBXFileReference; lastKnownFileType = wrapper.framework; name = CoreData.framework; path = /System/Library/Frameworks/CoreData.framework; sourceTree = "<absolute>"; };
/* End PBXFileReference section */

/* Begin PBXFrameworksBuildPhase section */
		8D5B49B3048680CD000E48DA /* Frameworks */ = {
			isa = PBXFrameworksBuildPhase;
			buildActionMask = 2147483647;
			files = (
				8D5B49B4048680CD000E48DA /* Cocoa.framework in Frameworks */,
			);
			runOnlyForDeploymentPostprocessing = 0;
		};
/* End PBXFrameworksBuildPhase section */

/* Begin PBXGroup section */
		089C166AFE841209C02AAC07 /* Afloat */ = {
			isa = PBXGroup;
			children = (
				08FB77AFFE84173DC02AAC07 /* InputManager */,
				32C88E010371C26100C91783 /* Other Sources */,
				19C28FB8FE9D52D311CA2CBB /* Products */,
			);
			name = Afloat;
			sourceTree = "<group>";
		};
		089C1671FE841209C02AAC07 /* Frameworks and Libraries */ = {
			isa = PBXGroup;
			children = (
				1058C7ACFEA557BF11CA2CBB /* Linked Frameworks */,
				1058C7AEFEA557BF11CA2CBB /* Other Frameworks */,
			);
			name = "Frameworks and Libraries";
			sourceTree = "<group>";
		};
		089C167CFE841241C02AAC07 /* Resources */ = {
			isa = PBXGroup;
			children = (
				7EAD12800A97621500E35A7F /* Transparency.nib */,
				7EAD12820A97621500E35A7F /* MainMenu.nib */,
				8D5B49B7048680CD000E48DA /* Info.plist */,
				089C167DFE841241C02AAC07 /* InfoPlist.strings */,
			);
			name = Resources;
			sourceTree = "<group>";
		};
		08FB77AFFE84173DC02AAC07 /* InputManager */ = {
			isa = PBXGroup;
			children = (
				7EE6A4200AA577AE004ED342 /* Info */,
				089C1671FE841209C02AAC07 /* Frameworks and Libraries */,
				089C167CFE841241C02AAC07 /* Resources */,
				7EAD12750A9761B300E35A7F /* Modules */,
				7EAD12740A97618900E35A7F /* Animation Services */,
				7EAD12460A97618000E35A7F /* L0Afloat.h */,
				7EAD12470A97618000E35A7F /* L0Afloat.m */,
			);
			path = InputManager;
			sourceTree = "<group>";
		};
		1058C7ACFEA557BF11CA2CBB /* Linked Frameworks */ = {
			isa = PBXGroup;
			children = (
				1058C7ADFEA557BF11CA2CBB /* Cocoa.framework */,
			);
			name = "Linked Frameworks";
			sourceTree = "<group>";
		};
		1058C7AEFEA557BF11CA2CBB /* Other Frameworks */ = {
			isa = PBXGroup;
			children = (
				089C167FFE841241C02AAC07 /* AppKit.framework */,
				D2F7E65807B2D6F200F64583 /* CoreData.framework */,
				089C1672FE841209C02AAC07 /* Foundation.framework */,
			);
			name = "Other Frameworks";
			sourceTree = "<group>";
		};
		19C28FB8FE9D52D311CA2CBB /* Products */ = {
			isa = PBXGroup;
			children = (
				8D5B49B6048680CD000E48DA /* Afloat.bundle */,
			);
			name = Products;
			sourceTree = "<group>";
		};
		32C88E010371C26100C91783 /* Other Sources */ = {
			isa = PBXGroup;
			children = (
				32DBCF630370AF2F00C91783 /* Afloat_Prefix.pch */,
			);
			name = "Other Sources";
			sourceTree = "<group>";
		};
		7EAD12740A97618900E35A7F /* Animation Services */ = {
			isa = PBXGroup;
			children = (
				7EAD12480A97618000E35A7F /* L0AfloatAni.h */,
				7EAD12490A97618100E35A7F /* L0AfloatAni.m */,
				7EAD124A0A97618100E35A7F /* L0AfloatAnimationServices.h */,
				7EAD124B0A97618100E35A7F /* L0AfloatAnimationServices.m */,
				7EAD124E0A97618100E35A7F /* L0AfloatMulticastStepAnimator.h */,
				7EAD124F0A97618100E35A7F /* L0AfloatMulticastStepAnimator.m */,
				7EAD12500A97618100E35A7F /* L0AfloatSimpleStepAnimator.h */,
				7EAD12510A97618100E35A7F /* L0AfloatSimpleStepAnimator.m */,
				7EAD12520A97618100E35A7F /* L0AfloatStepAnimator.h */,
				7EAD12530A97618100E35A7F /* L0AfloatStepAnimator.m */,
				7EAD12560A97618100E35A7F /* L0AfloatWindowAlphaAnimation.h */,
				7EAD12570A97618100E35A7F /* L0AfloatWindowAlphaAnimation.m */,
				7EAD125A0A97618100E35A7F /* L0AfloatWindowFrameAnimation.h */,
				7EAD125B0A97618100E35A7F /* L0AfloatWindowFrameAnimation.m */,
			);
			name = "Animation Services";
			sourceTree = "<group>";
		};
		7EAD12750A9761B300E35A7F /* Modules */ = {
			isa = PBXGroup;
			children = (
				7EAD125E0A97618100E35A7F /* L0AfloatWindowModule.h */,
				7EAD125F0A97618100E35A7F /* L0AfloatWindowModule.m */,
				7EAD124C0A97618100E35A7F /* L0AfloatModule.h */,
				7EAD124D0A97618100E35A7F /* L0AfloatModule.m */,
				7EAD12780A9761E200E35A7F /* Floater */,
				7EAD12770A9761C400E35A7F /* Transitions */,
				7EAD12760A9761B900E35A7F /* Mover */,
				7EAD12790A9761F300E35A7F /* Ghoster */,
			);
			name = Modules;
			sourceTree = "<group>";
		};
		7EAD12760A9761B900E35A7F /* Mover */ = {
			isa = PBXGroup;
			children = (
				7EAD12600A97618100E35A7F /* L0AfloatWindowMover.h */,
				7EAD12610A97618100E35A7F /* L0AfloatWindowMover.m */,
			);
			name = Mover;
			sourceTree = "<group>";
		};
		7EAD12770A9761C400E35A7F /* Transitions */ = {
			isa = PBXGroup;
			children = (
				7EAD12620A97618100E35A7F /* L0AfloatWindowTransitions.h */,
				7EAD12630A97618100E35A7F /* L0AfloatWindowTransitions.m */,
			);
			name = Transitions;
			sourceTree = "<group>";
		};
		7EAD12780A9761E200E35A7F /* Floater */ = {
			isa = PBXGroup;
			children = (
				7EAD12580A97618100E35A7F /* L0AfloatWindowFloater.h */,
				7EAD12590A97618100E35A7F /* L0AfloatWindowFloater.m */,
				7EAD12540A97618100E35A7F /* L0AfloatTransparencyUI.h */,
				7EAD12550A97618100E35A7F /* L0AfloatTransparencyUI.m */,
			);
			name = Floater;
			sourceTree = "<group>";
		};
		7EAD12790A9761F300E35A7F /* Ghoster */ = {
			isa = PBXGroup;
			children = (
				7EAD125C0A97618100E35A7F /* L0AfloatWindowGhoster.h */,
				7EAD125D0A97618100E35A7F /* L0AfloatWindowGhoster.m */,
			);
			name = Ghoster;
			sourceTree = "<group>";
		};
/* End PBXGroup section */

/* Begin PBXNativeTarget section */
		8D5B49AC048680CD000E48DA /* Afloat */ = {
			isa = PBXNativeTarget;
			buildConfigurationList = 1DEB913A08733D840010E9CD /* Build configuration list for PBXNativeTarget "Afloat" */;
			buildPhases = (
				8D5B49AF048680CD000E48DA /* Resources */,
				8D5B49B1048680CD000E48DA /* Sources */,
				8D5B49B3048680CD000E48DA /* Frameworks */,
			);
			buildRules = (
			);
			dependencies = (
			);
			name = Afloat;
			productInstallPath = "$(HOME)/Library/Bundles";
			productName = Afloat;
			productReference = 8D5B49B6048680CD000E48DA /* Afloat.bundle */;
			productType = "com.apple.product-type.bundle";
		};
/* End PBXNativeTarget section */

/* Begin PBXProject section */
		089C1669FE841209C02AAC07 /* Project object */ = {
			isa = PBXProject;
			buildConfigurationList = 1DEB913E08733D840010E9CD /* Build configuration list for PBXProject "Afloat" */;
			hasScannedForEncodings = 1;
			mainGroup = 089C166AFE841209C02AAC07 /* Afloat */;
			projectDirPath = "";
			targets = (
				8D5B49AC048680CD000E48DA /* Afloat */,
				7EE6A4150AA57773004ED342 /* Install as InputManager */,
			);
		};
/* End PBXProject section */

/* Begin PBXResourcesBuildPhase section */
		8D5B49AF048680CD000E48DA /* Resources */ = {
			isa = PBXResourcesBuildPhase;
			buildActionMask = 2147483647;
			files = (
				8D5B49B0048680CD000E48DA /* InfoPlist.strings in Resources */,
				7EAD12840A97621500E35A7F /* Transparency.nib in Resources */,
				7EAD12850A97621500E35A7F /* MainMenu.nib in Resources */,
			);
			runOnlyForDeploymentPostprocessing = 0;
		};
/* End PBXResourcesBuildPhase section */

/* Begin PBXSourcesBuildPhase section */
		8D5B49B1048680CD000E48DA /* Sources */ = {
			isa = PBXSourcesBuildPhase;
			buildActionMask = 2147483647;
			files = (
				7EAD12640A97618100E35A7F /* L0Afloat.m in Sources */,
				7EAD12650A97618100E35A7F /* L0AfloatAni.m in Sources */,
				7EAD12660A97618100E35A7F /* L0AfloatAnimationServices.m in Sources */,
				7EAD12670A97618100E35A7F /* L0AfloatModule.m in Sources */,
				7EAD12680A97618100E35A7F /* L0AfloatMulticastStepAnimator.m in Sources */,
				7EAD12690A97618100E35A7F /* L0AfloatSimpleStepAnimator.m in Sources */,
				7EAD126A0A97618100E35A7F /* L0AfloatStepAnimator.m in Sources */,
				7EAD126B0A97618100E35A7F /* L0AfloatTransparencyUI.m in Sources */,
				7EAD126C0A97618100E35A7F /* L0AfloatWindowAlphaAnimation.m in Sources */,
				7EAD126D0A97618100E35A7F /* L0AfloatWindowFloater.m in Sources */,
				7EAD126E0A97618100E35A7F /* L0AfloatWindowFrameAnimation.m in Sources */,
				7EAD126F0A97618100E35A7F /* L0AfloatWindowGhoster.m in Sources */,
				7EAD12700A97618100E35A7F /* L0AfloatWindowModule.m in Sources */,
				7EAD12710A97618100E35A7F /* L0AfloatWindowMover.m in Sources */,
				7EAD12720A97618100E35A7F /* L0AfloatWindowTransitions.m in Sources */,
			);
			runOnlyForDeploymentPostprocessing = 0;
		};
/* End PBXSourcesBuildPhase section */

/* Begin PBXTargetDependency section */
		7EE6A4190AA5777B004ED342 /* PBXTargetDependency */ = {
			isa = PBXTargetDependency;
			target = 8D5B49AC048680CD000E48DA /* Afloat */;
			targetProxy = 7EE6A4180AA5777B004ED342 /* PBXContainerItemProxy */;
		};
/* End PBXTargetDependency section */

/* Begin PBXVariantGroup section */
		089C167DFE841241C02AAC07 /* InfoPlist.strings */ = {
			isa = PBXVariantGroup;
			children = (
				089C167EFE841241C02AAC07 /* English */,
			);
			name = InfoPlist.strings;
			sourceTree = "<group>";
		};
		7EAD12800A97621500E35A7F /* Transparency.nib */ = {
			isa = PBXVariantGroup;
			children = (
				7EAD12810A97621500E35A7F /* English */,
			);
			name = Transparency.nib;
			sourceTree = "<group>";
		};
		7EAD12820A97621500E35A7F /* MainMenu.nib */ = {
			isa = PBXVariantGroup;
			children = (
				7EAD12830A97621500E35A7F /* English */,
			);
			name = MainMenu.nib;
			sourceTree = "<group>";
		};
/* End PBXVariantGroup section */

/* Begin XCBuildConfiguration section */
		1DEB913B08733D840010E9CD /* Debug */ = {
			isa = XCBuildConfiguration;
			buildSettings = {
				COPY_PHASE_STRIP = NO;
				CURRENT_PROJECT_VERSION = 9.0;
				GCC_DYNAMIC_NO_PIC = NO;
				GCC_ENABLE_FIX_AND_CONTINUE = YES;
				GCC_MODEL_TUNING = G5;
				GCC_OPTIMIZATION_LEVEL = 0;
				GCC_PRECOMPILE_PREFIX_HEADER = YES;
				GCC_PREFIX_HEADER = Afloat_Prefix.pch;
				INFOPLIST_FILE = InputManager/Info.plist;
				INSTALL_PATH = "$(HOME)/Library/Bundles";
				PRODUCT_NAME = Afloat;
				VERSIONING_SYSTEM = "apple-generic";
				WRAPPER_EXTENSION = bundle;
				ZERO_LINK = YES;
			};
			name = Debug;
		};
		1DEB913C08733D840010E9CD /* Release */ = {
			isa = XCBuildConfiguration;
			buildSettings = {
				ARCHS = (
					ppc,
					i386,
				);
				CURRENT_PROJECT_VERSION = 9.0;
				GCC_GENERATE_DEBUGGING_SYMBOLS = NO;
				GCC_MODEL_TUNING = G5;
				GCC_PRECOMPILE_PREFIX_HEADER = YES;
				GCC_PREFIX_HEADER = Afloat_Prefix.pch;
				INFOPLIST_FILE = InputManager/Info.plist;
				INSTALL_PATH = "$(HOME)/Library/Bundles";
				PRODUCT_NAME = Afloat;
				VERSIONING_SYSTEM = "apple-generic";
				WRAPPER_EXTENSION = bundle;
			};
			name = Release;
		};
		1DEB913F08733D840010E9CD /* Debug */ = {
			isa = XCBuildConfiguration;
			buildSettings = {
				GCC_WARN_ABOUT_RETURN_TYPE = YES;
				GCC_WARN_PEDANTIC = NO;
				GCC_WARN_UNUSED_VARIABLE = YES;
				PREBINDING = NO;
				SDKROOT = /Developer/SDKs/MacOSX10.4u.sdk;
				VERSION_INFO_PREFIX = L0;
			};
			name = Debug;
		};
		1DEB914008733D840010E9CD /* Release */ = {
			isa = XCBuildConfiguration;
			buildSettings = {
				GCC_WARN_ABOUT_RETURN_TYPE = YES;
				GCC_WARN_PEDANTIC = NO;
				GCC_WARN_UNUSED_VARIABLE = YES;
				PREBINDING = NO;
				SDKROOT = /Developer/SDKs/MacOSX10.4u.sdk;
				VERSION_INFO_PREFIX = L0;
			};
			name = Release;
		};
		7EE6A41E0AA57789004ED342 /* Debug */ = {
			isa = XCBuildConfiguration;
			buildSettings = {
				COPY_PHASE_STRIP = NO;
				GCC_DYNAMIC_NO_PIC = NO;
				GCC_GENERATE_DEBUGGING_SYMBOLS = YES;
				GCC_OPTIMIZATION_LEVEL = 0;
				PRODUCT_NAME = "Install as InputManager";
			};
			name = Debug;
		};
		7EE6A41F0AA57789004ED342 /* Release */ = {
			isa = XCBuildConfiguration;
			buildSettings = {
				COPY_PHASE_STRIP = YES;
				GCC_ENABLE_FIX_AND_CONTINUE = NO;
				GCC_GENERATE_DEBUGGING_SYMBOLS = NO;
				PRODUCT_NAME = "Install as InputManager";
				ZERO_LINK = NO;
			};
			name = Release;
		};
/* End XCBuildConfiguration section */

/* Begin XCConfigurationList section */
		1DEB913A08733D840010E9CD /* Build configuration list for PBXNativeTarget "Afloat" */ = {
			isa = XCConfigurationList;
			buildConfigurations = (
				1DEB913B08733D840010E9CD /* Debug */,
				1DEB913C08733D840010E9CD /* Release */,
			);
			defaultConfigurationIsVisible = 0;
			defaultConfigurationName = Release;
		};
		1DEB913E08733D840010E9CD /* Build configuration list for PBXProject "Afloat" */ = {
			isa = XCConfigurationList;
			buildConfigurations = (
				1DEB913F08733D840010E9CD /* Debug */,
				1DEB914008733D840010E9CD /* Release */,
			);
			defaultConfigurationIsVisible = 0;
			defaultConfigurationName = Release;
		};
		7EE6A41D0AA57789004ED342 /* Build configuration list for PBXAggregateTarget "Install as InputManager" */ = {
			isa = XCConfigurationList;
			buildConfigurations = (
				7EE6A41E0AA57789004ED342 /* Debug */,
				7EE6A41F0AA57789004ED342 /* Release */,
			);
			defaultConfigurationIsVisible = 0;
			defaultConfigurationName = Release;
		};
/* End XCConfigurationList section */
	};
	rootObject = 089C1669FE841209C02AAC07 /* Project object */;
}
