// !$*UTF8*$!
{
	archiveVersion = 1;
	classes = {
	};
	objectVersion = 42;
	objects = {

/* Begin PBXBuildFile section */
		7E06E8320B2A0048000A3440 /* GetApplicationFlavor.m in Sources */ = {isa = PBXBuildFile; fileRef = 7E06E8310B2A0048000A3440 /* GetApplicationFlavor.m */; };
		7E19DFA40AFDF2A6006F3EF9 /* AfloatAnimator.m in Sources */ = {isa = PBXBuildFile; fileRef = 7E4F5D180AFD1FDE00102CBA /* AfloatAnimator.m */; };
		7E19DFB30AFDF2DC006F3EF9 /* main-AfloatAnimationTester.m in Sources */ = {isa = PBXBuildFile; fileRef = 7E19DFAF0AFDF2D2006F3EF9 /* main-AfloatAnimationTester.m */; };
		7E258CA40AF356CD006931A7 /* AfloatHub.m in Sources */ = {isa = PBXBuildFile; fileRef = 7E258CA30AF356CD006931A7 /* AfloatHub.m */; };
		7E27317E0B2E0C8B007ED7AD /* Afloat.png in Resources */ = {isa = PBXBuildFile; fileRef = 7E27317D0B2E0C8B007ED7AD /* Afloat.png */; };
		7E2E64CE0AED2413009AFB28 /* mach_inject_bundle.framework in Frameworks */ = {isa = PBXBuildFile; fileRef = 7E2E64CD0AED2413009AFB28 /* mach_inject_bundle.framework */; };
		7E2E65320AED269B009AFB28 /* mach_inject_bundle.framework in CopyFiles */ = {isa = PBXBuildFile; fileRef = 7E2E64CD0AED2413009AFB28 /* mach_inject_bundle.framework */; };
		7E4B9F660B2E982100DD20D9 /* AfloatPaneIcon.icns in Resources */ = {isa = PBXBuildFile; fileRef = 7E4B9F650B2E982100DD20D9 /* AfloatPaneIcon.icns */; };
		7E4B9F720B2E9B3000DD20D9 /* AfloatAgentIcon.icns in Resources */ = {isa = PBXBuildFile; fileRef = 7E4B9F710B2E9B3000DD20D9 /* AfloatAgentIcon.icns */; };
		7E4F5D190AFD1FDE00102CBA /* AfloatAnimator.m in Sources */ = {isa = PBXBuildFile; fileRef = 7E4F5D180AFD1FDE00102CBA /* AfloatAnimator.m */; };
		7E56E61B0AF9DBBC00F41871 /* Hub.nib in Resources */ = {isa = PBXBuildFile; fileRef = 7E56E6190AF9DBBC00F41871 /* Hub.nib */; };
		7E578CEF0AEE925C0039B11D /* AfloatImplementation.m in Sources */ = {isa = PBXBuildFile; fileRef = 7E578CEE0AEE925C0039B11D /* AfloatImplementation.m */; };
		7E6179DA0B354509003E7E34 /* AfloatWindowFader.m in Sources */ = {isa = PBXBuildFile; fileRef = 7E6179970B3541B3003E7E34 /* AfloatWindowFader.m */; };
		7E6204AD0AED3A1C0024513B /* Cocoa.framework in Frameworks */ = {isa = PBXBuildFile; fileRef = 1058C7A1FEA54F0111CA2CBB /* Cocoa.framework */; };
		7E6204AE0AED3A250024513B /* Cocoa.framework in Frameworks */ = {isa = PBXBuildFile; fileRef = 1058C7A1FEA54F0111CA2CBB /* Cocoa.framework */; };
		7E6204AF0AED3A2B0024513B /* Carbon.framework in Frameworks */ = {isa = PBXBuildFile; fileRef = 7E6204150AED33AF0024513B /* Carbon.framework */; };
		7E6204F50AED3B0D0024513B /* AfloatLoader.m in Sources */ = {isa = PBXBuildFile; fileRef = 7EBFF9200AEAB04F0067AD4A /* AfloatLoader.m */; };
		7E6204F80AED3B1B0024513B /* AfloatPayloadEntryPoint.m in Sources */ = {isa = PBXBuildFile; fileRef = 7ED280930AED1EC8001D88D9 /* AfloatPayloadEntryPoint.m */; };
		7E6204FA0AED3B280024513B /* AfloatCocoa.m in Sources */ = {isa = PBXBuildFile; fileRef = 7E62045B0AED37420024513B /* AfloatCocoa.m */; };
		7E6204FC0AED3B2D0024513B /* AfloatCarbon.m in Sources */ = {isa = PBXBuildFile; fileRef = 7E6204700AED37FC0024513B /* AfloatCarbon.m */; };
		7E643F510B0A3E1E00192BFB /* Banner.png in Resources */ = {isa = PBXBuildFile; fileRef = 7E643F500B0A3E1E00192BFB /* Banner.png */; };
		7E6A3C300B2DBC9C00266D34 /* Carbon.framework in Frameworks */ = {isa = PBXBuildFile; fileRef = 7E6204150AED33AF0024513B /* Carbon.framework */; };
		7E832B100B2E06F80024E307 /* LoginItemsAE.m in Sources */ = {isa = PBXBuildFile; fileRef = 7E832B0E0B2E06F80024E307 /* LoginItemsAE.m */; };
		7EBFF97C0AEAB4760067AD4A /* AfloatPayload.bundle in Resources */ = {isa = PBXBuildFile; fileRef = 7EBFF9540AEAB3170067AD4A /* AfloatPayload.bundle */; };
		7EDFF0970B09CB670009C47F /* Cocoa.framework in Frameworks */ = {isa = PBXBuildFile; fileRef = 1058C7A1FEA54F0111CA2CBB /* Cocoa.framework */; };
		7EDFF0AB0B09CBD90009C47F /* Afloat Agent.app in Resources */ = {isa = PBXBuildFile; fileRef = 8D1107320486CEB800E47090 /* Afloat Agent.app */; };
		7EDFF0B20B09CBF30009C47F /* AfloatPrefPane.m in Sources */ = {isa = PBXBuildFile; fileRef = 7EDFF0B10B09CBF30009C47F /* AfloatPrefPane.m */; };
		7EDFF0BE0B09CC540009C47F /* PreferencePanes.framework in Frameworks */ = {isa = PBXBuildFile; fileRef = 7EDFF0BB0B09CC540009C47F /* PreferencePanes.framework */; };
		7EDFF0C70B09CCBF0009C47F /* PrefPane.nib in Resources */ = {isa = PBXBuildFile; fileRef = 7EDFF0C50B09CCBF0009C47F /* PrefPane.nib */; };
		7EE461990B09007A001C629F /* AfloatWindowAlphaAnimation.m in Sources */ = {isa = PBXBuildFile; fileRef = 7EE461980B09007A001C629F /* AfloatWindowAlphaAnimation.m */; };
		7EECBD100B15A7B9003C5C04 /* Security.framework in Frameworks */ = {isa = PBXBuildFile; fileRef = 7EECBD0F0B15A7B9003C5C04 /* Security.framework */; };
		8D11072A0486CEB800E47090 /* MainMenu.nib in Resources */ = {isa = PBXBuildFile; fileRef = 29B97318FDCFA39411CA2CEA /* MainMenu.nib */; };
		8D11072B0486CEB800E47090 /* InfoPlist.strings in Resources */ = {isa = PBXBuildFile; fileRef = 089C165CFE840E0CC02AAC07 /* InfoPlist.strings */; };
		8D11072D0486CEB800E47090 /* main.m in Sources */ = {isa = PBXBuildFile; fileRef = 29B97316FDCFA39411CA2CEA /* main.m */; settings = {ATTRIBUTES = (); }; };
/* End PBXBuildFile section */

/* Begin PBXContainerItemProxy section */
		7EBFF9780AEAB4660067AD4A /* PBXContainerItemProxy */ = {
			isa = PBXContainerItemProxy;
			containerPortal = 29B97313FDCFA39411CA2CEA /* Project object */;
			proxyType = 1;
			remoteGlobalIDString = 7EBFF9530AEAB3170067AD4A;
			remoteInfo = AfloatPayload;
		};
		7EDFF0AE0B09CBE20009C47F /* PBXContainerItemProxy */ = {
			isa = PBXContainerItemProxy;
			containerPortal = 29B97313FDCFA39411CA2CEA /* Project object */;
			proxyType = 1;
			remoteGlobalIDString = 8D1107260486CEB800E47090;
			remoteInfo = AfloatAgent;
		};
/* End PBXContainerItemProxy section */

/* Begin PBXCopyFilesBuildPhase section */
		7EBFF9180AEAB01C0067AD4A /* CopyFiles */ = {
			isa = PBXCopyFilesBuildPhase;
			buildActionMask = 2147483647;
			dstPath = "";
			dstSubfolderSpec = 10;
			files = (
				7E2E65320AED269B009AFB28 /* mach_inject_bundle.framework in CopyFiles */,
			);
			runOnlyForDeploymentPostprocessing = 0;
		};
/* End PBXCopyFilesBuildPhase section */

/* Begin PBXFileReference section */
		089C165DFE840E0CC02AAC07 /* English */ = {isa = PBXFileReference; fileEncoding = 10; lastKnownFileType = text.plist.strings; name = English; path = English.lproj/InfoPlist.strings; sourceTree = "<group>"; };
		1058C7A1FEA54F0111CA2CBB /* Cocoa.framework */ = {isa = PBXFileReference; lastKnownFileType = wrapper.framework; name = Cocoa.framework; path = /System/Library/Frameworks/Cocoa.framework; sourceTree = "<absolute>"; };
		13E42FB307B3F0F600E4EEF1 /* CoreData.framework */ = {isa = PBXFileReference; lastKnownFileType = wrapper.framework; name = CoreData.framework; path = /System/Library/Frameworks/CoreData.framework; sourceTree = "<absolute>"; };
		29B97316FDCFA39411CA2CEA /* main.m */ = {isa = PBXFileReference; fileEncoding = 4; lastKnownFileType = sourcecode.c.objc; path = main.m; sourceTree = "<group>"; };
		29B97319FDCFA39411CA2CEA /* English */ = {isa = PBXFileReference; lastKnownFileType = wrapper.nib; name = English; path = English.lproj/MainMenu.nib; sourceTree = "<group>"; };
		29B97324FDCFA39411CA2CEA /* AppKit.framework */ = {isa = PBXFileReference; lastKnownFileType = wrapper.framework; name = AppKit.framework; path = /System/Library/Frameworks/AppKit.framework; sourceTree = "<absolute>"; };
		29B97325FDCFA39411CA2CEA /* Foundation.framework */ = {isa = PBXFileReference; lastKnownFileType = wrapper.framework; name = Foundation.framework; path = /System/Library/Frameworks/Foundation.framework; sourceTree = "<absolute>"; };
		32CA4F630368D1EE00C91783 /* AfloatAgent_Prefix.pch */ = {isa = PBXFileReference; fileEncoding = 4; lastKnownFileType = sourcecode.c.h; path = AfloatAgent_Prefix.pch; sourceTree = "<group>"; };
		7E06E8300B2A0048000A3440 /* GetApplicationFlavor.h */ = {isa = PBXFileReference; fileEncoding = 4; lastKnownFileType = sourcecode.c.h; path = GetApplicationFlavor.h; sourceTree = "<group>"; };
		7E06E8310B2A0048000A3440 /* GetApplicationFlavor.m */ = {isa = PBXFileReference; fileEncoding = 4; lastKnownFileType = sourcecode.c.objc; path = GetApplicationFlavor.m; sourceTree = "<group>"; };
		7E19DFA10AFDF295006F3EF9 /* AfloatAnimationTester */ = {isa = PBXFileReference; explicitFileType = "compiled.mach-o.executable"; includeInIndex = 0; path = AfloatAnimationTester; sourceTree = BUILT_PRODUCTS_DIR; };
		7E19DFAF0AFDF2D2006F3EF9 /* main-AfloatAnimationTester.m */ = {isa = PBXFileReference; fileEncoding = 4; lastKnownFileType = sourcecode.c.objc; path = "main-AfloatAnimationTester.m"; sourceTree = "<group>"; };
		7E258CA20AF356CD006931A7 /* AfloatHub.h */ = {isa = PBXFileReference; fileEncoding = 4; lastKnownFileType = sourcecode.c.h; path = AfloatHub.h; sourceTree = "<group>"; };
		7E258CA30AF356CD006931A7 /* AfloatHub.m */ = {isa = PBXFileReference; fileEncoding = 4; lastKnownFileType = sourcecode.c.objc; path = AfloatHub.m; sourceTree = "<group>"; };
		7E27317D0B2E0C8B007ED7AD /* Afloat.png */ = {isa = PBXFileReference; lastKnownFileType = image.png; path = Afloat.png; sourceTree = "<group>"; };
		7E2E64CD0AED2413009AFB28 /* mach_inject_bundle.framework */ = {isa = PBXFileReference; lastKnownFileType = wrapper.framework; path = mach_inject_bundle.framework; sourceTree = "<group>"; };
		7E4B9F650B2E982100DD20D9 /* AfloatPaneIcon.icns */ = {isa = PBXFileReference; lastKnownFileType = image.icns; path = AfloatPaneIcon.icns; sourceTree = "<group>"; };
		7E4B9F710B2E9B3000DD20D9 /* AfloatAgentIcon.icns */ = {isa = PBXFileReference; lastKnownFileType = image.icns; path = AfloatAgentIcon.icns; sourceTree = "<group>"; };
		7E4F5D170AFD1FDE00102CBA /* AfloatAnimator.h */ = {isa = PBXFileReference; fileEncoding = 4; lastKnownFileType = sourcecode.c.h; path = AfloatAnimator.h; sourceTree = "<group>"; };
		7E4F5D180AFD1FDE00102CBA /* AfloatAnimator.m */ = {isa = PBXFileReference; fileEncoding = 4; lastKnownFileType = sourcecode.c.objc; path = AfloatAnimator.m; sourceTree = "<group>"; };
		7E56E61A0AF9DBBC00F41871 /* English */ = {isa = PBXFileReference; lastKnownFileType = wrapper.nib; name = English; path = Payload/English.lproj/Hub.nib; sourceTree = "<group>"; };
		7E578CED0AEE925C0039B11D /* AfloatImplementation.h */ = {isa = PBXFileReference; fileEncoding = 4; lastKnownFileType = sourcecode.c.h; path = AfloatImplementation.h; sourceTree = "<group>"; };
		7E578CEE0AEE925C0039B11D /* AfloatImplementation.m */ = {isa = PBXFileReference; fileEncoding = 4; lastKnownFileType = sourcecode.c.objc; path = AfloatImplementation.m; sourceTree = "<group>"; };
		7E6179960B3541B3003E7E34 /* AfloatWindowFader.h */ = {isa = PBXFileReference; fileEncoding = 4; lastKnownFileType = sourcecode.c.h; path = AfloatWindowFader.h; sourceTree = "<group>"; };
		7E6179970B3541B3003E7E34 /* AfloatWindowFader.m */ = {isa = PBXFileReference; fileEncoding = 4; lastKnownFileType = sourcecode.c.objc; path = AfloatWindowFader.m; sourceTree = "<group>"; };
		7E6204150AED33AF0024513B /* Carbon.framework */ = {isa = PBXFileReference; lastKnownFileType = wrapper.framework; name = Carbon.framework; path = /System/Library/Frameworks/Carbon.framework; sourceTree = "<absolute>"; };
		7E62045A0AED37420024513B /* AfloatCocoa.h */ = {isa = PBXFileReference; fileEncoding = 4; lastKnownFileType = sourcecode.c.h; path = AfloatCocoa.h; sourceTree = "<group>"; };
		7E62045B0AED37420024513B /* AfloatCocoa.m */ = {isa = PBXFileReference; fileEncoding = 4; lastKnownFileType = sourcecode.c.objc; path = AfloatCocoa.m; sourceTree = "<group>"; };
		7E62046F0AED37FC0024513B /* AfloatCarbon.h */ = {isa = PBXFileReference; fileEncoding = 4; lastKnownFileType = sourcecode.c.h; path = AfloatCarbon.h; sourceTree = "<group>"; };
		7E6204700AED37FC0024513B /* AfloatCarbon.m */ = {isa = PBXFileReference; explicitFileType = sourcecode.c.objc; fileEncoding = 4; path = AfloatCarbon.m; sourceTree = "<group>"; };
		7E643F500B0A3E1E00192BFB /* Banner.png */ = {isa = PBXFileReference; lastKnownFileType = image.png; path = Banner.png; sourceTree = "<group>"; };
		7E80FDB20B50333E006D02C1 /* AfloatLogging.h */ = {isa = PBXFileReference; fileEncoding = 4; lastKnownFileType = sourcecode.c.h; path = AfloatLogging.h; sourceTree = "<group>"; };
		7E832B0E0B2E06F80024E307 /* LoginItemsAE.m */ = {isa = PBXFileReference; fileEncoding = 30; lastKnownFileType = sourcecode.c.objc; path = LoginItemsAE.m; sourceTree = "<group>"; };
		7E832B0F0B2E06F80024E307 /* LoginItemsAE.h */ = {isa = PBXFileReference; fileEncoding = 30; lastKnownFileType = sourcecode.c.h; path = LoginItemsAE.h; sourceTree = "<group>"; };
		7EA7E6EC0B295E7300D94E74 /* AfloatAgentCommunication.h */ = {isa = PBXFileReference; fileEncoding = 4; lastKnownFileType = sourcecode.c.h; path = AfloatAgentCommunication.h; sourceTree = "<group>"; };
		7EBFF9200AEAB04F0067AD4A /* AfloatLoader.m */ = {isa = PBXFileReference; fileEncoding = 4; lastKnownFileType = sourcecode.c.objc; path = AfloatLoader.m; sourceTree = "<group>"; };
		7EBFF9210AEAB04F0067AD4A /* AfloatLoader.h */ = {isa = PBXFileReference; fileEncoding = 4; lastKnownFileType = sourcecode.c.h; path = AfloatLoader.h; sourceTree = "<group>"; };
		7EBFF9540AEAB3170067AD4A /* AfloatPayload.bundle */ = {isa = PBXFileReference; explicitFileType = wrapper.cfbundle; includeInIndex = 0; path = AfloatPayload.bundle; sourceTree = BUILT_PRODUCTS_DIR; };
		7EBFF9550AEAB3170067AD4A /* Info.plist */ = {isa = PBXFileReference; lastKnownFileType = text.xml; path = Info.plist; sourceTree = "<group>"; };
		7ED280920AED1EC8001D88D9 /* AfloatPayloadEntryPoint.h */ = {isa = PBXFileReference; fileEncoding = 4; lastKnownFileType = sourcecode.c.h; path = AfloatPayloadEntryPoint.h; sourceTree = "<group>"; };
		7ED280930AED1EC8001D88D9 /* AfloatPayloadEntryPoint.m */ = {isa = PBXFileReference; fileEncoding = 4; lastKnownFileType = sourcecode.c.objc; path = AfloatPayloadEntryPoint.m; sourceTree = "<group>"; };
		7EDFF0850B09CB000009C47F /* Afloat.prefPane */ = {isa = PBXFileReference; explicitFileType = wrapper.cfbundle; includeInIndex = 0; path = Afloat.prefPane; sourceTree = BUILT_PRODUCTS_DIR; };
		7EDFF0A60B09CBBA0009C47F /* Afloat-Info.plist */ = {isa = PBXFileReference; fileEncoding = 30; lastKnownFileType = text.xml; path = "Afloat-Info.plist"; sourceTree = "<group>"; };
		7EDFF0B00B09CBF30009C47F /* AfloatPrefPane.h */ = {isa = PBXFileReference; fileEncoding = 4; lastKnownFileType = sourcecode.c.h; path = AfloatPrefPane.h; sourceTree = "<group>"; };
		7EDFF0B10B09CBF30009C47F /* AfloatPrefPane.m */ = {isa = PBXFileReference; fileEncoding = 4; lastKnownFileType = sourcecode.c.objc; path = AfloatPrefPane.m; sourceTree = "<group>"; };
		7EDFF0BB0B09CC540009C47F /* PreferencePanes.framework */ = {isa = PBXFileReference; lastKnownFileType = wrapper.framework; name = PreferencePanes.framework; path = /System/Library/Frameworks/PreferencePanes.framework; sourceTree = "<absolute>"; };
		7EDFF0C60B09CCBF0009C47F /* English */ = {isa = PBXFileReference; lastKnownFileType = wrapper.nib; name = English; path = PrefPane/English.lproj/PrefPane.nib; sourceTree = "<group>"; };
		7EE461970B09007A001C629F /* AfloatWindowAlphaAnimation.h */ = {isa = PBXFileReference; fileEncoding = 4; lastKnownFileType = sourcecode.c.h; path = AfloatWindowAlphaAnimation.h; sourceTree = "<group>"; };
		7EE461980B09007A001C629F /* AfloatWindowAlphaAnimation.m */ = {isa = PBXFileReference; fileEncoding = 4; lastKnownFileType = sourcecode.c.objc; path = AfloatWindowAlphaAnimation.m; sourceTree = "<group>"; };
		7EECBD0F0B15A7B9003C5C04 /* Security.framework */ = {isa = PBXFileReference; lastKnownFileType = wrapper.framework; name = Security.framework; path = /System/Library/Frameworks/Security.framework; sourceTree = "<absolute>"; };
		8D1107310486CEB800E47090 /* Info.plist */ = {isa = PBXFileReference; fileEncoding = 4; lastKnownFileType = text.plist; path = Info.plist; sourceTree = "<group>"; };
		8D1107320486CEB800E47090 /* Afloat Agent.app */ = {isa = PBXFileReference; explicitFileType = wrapper.application; includeInIndex = 0; path = "Afloat Agent.app"; sourceTree = BUILT_PRODUCTS_DIR; };
/* End PBXFileReference section */

/* Begin PBXFrameworksBuildPhase section */
		7E19DF9F0AFDF295006F3EF9 /* Frameworks */ = {
			isa = PBXFrameworksBuildPhase;
			buildActionMask = 2147483647;
			files = (
			);
			runOnlyForDeploymentPostprocessing = 0;
		};
		7EBFF9520AEAB3170067AD4A /* Frameworks */ = {
			isa = PBXFrameworksBuildPhase;
			buildActionMask = 2147483647;
			files = (
				7E6204AF0AED3A2B0024513B /* Carbon.framework in Frameworks */,
				7E6204AE0AED3A250024513B /* Cocoa.framework in Frameworks */,
			);
			runOnlyForDeploymentPostprocessing = 0;
		};
		7EDFF0830B09CB000009C47F /* Frameworks */ = {
			isa = PBXFrameworksBuildPhase;
			buildActionMask = 2147483647;
			files = (
				7E6A3C300B2DBC9C00266D34 /* Carbon.framework in Frameworks */,
				7EDFF0970B09CB670009C47F /* Cocoa.framework in Frameworks */,
				7EDFF0BE0B09CC540009C47F /* PreferencePanes.framework in Frameworks */,
				7EECBD100B15A7B9003C5C04 /* Security.framework in Frameworks */,
			);
			runOnlyForDeploymentPostprocessing = 0;
		};
		8D11072E0486CEB800E47090 /* Frameworks */ = {
			isa = PBXFrameworksBuildPhase;
			buildActionMask = 2147483647;
			files = (
				7E6204AD0AED3A1C0024513B /* Cocoa.framework in Frameworks */,
				7E2E64CE0AED2413009AFB28 /* mach_inject_bundle.framework in Frameworks */,
			);
			runOnlyForDeploymentPostprocessing = 0;
		};
/* End PBXFrameworksBuildPhase section */

/* Begin PBXGroup section */
		080E96DDFE201D6D7F000001 /* Classes */ = {
			isa = PBXGroup;
			children = (
				7EBFF9210AEAB04F0067AD4A /* AfloatLoader.h */,
				7EBFF9200AEAB04F0067AD4A /* AfloatLoader.m */,
			);
			name = Classes;
			sourceTree = "<group>";
		};
		1058C7A0FEA54F0111CA2CBB /* Linked Frameworks */ = {
			isa = PBXGroup;
			children = (
				7EECBD0F0B15A7B9003C5C04 /* Security.framework */,
				7EDFF0BB0B09CC540009C47F /* PreferencePanes.framework */,
				7E6204150AED33AF0024513B /* Carbon.framework */,
				7E2E64CD0AED2413009AFB28 /* mach_inject_bundle.framework */,
				1058C7A1FEA54F0111CA2CBB /* Cocoa.framework */,
			);
			name = "Linked Frameworks";
			sourceTree = "<group>";
		};
		1058C7A2FEA54F0111CA2CBB /* Other Frameworks */ = {
			isa = PBXGroup;
			children = (
				29B97324FDCFA39411CA2CEA /* AppKit.framework */,
				13E42FB307B3F0F600E4EEF1 /* CoreData.framework */,
				29B97325FDCFA39411CA2CEA /* Foundation.framework */,
			);
			name = "Other Frameworks";
			sourceTree = "<group>";
		};
		19C28FACFE9D520D11CA2CBB /* Products */ = {
			isa = PBXGroup;
			children = (
				8D1107320486CEB800E47090 /* Afloat Agent.app */,
				7EBFF9540AEAB3170067AD4A /* AfloatPayload.bundle */,
				7E19DFA10AFDF295006F3EF9 /* AfloatAnimationTester */,
				7EDFF0850B09CB000009C47F /* Afloat.prefPane */,
			);
			name = Products;
			sourceTree = "<group>";
		};
		29B97314FDCFA39411CA2CEA /* AfloatAgent */ = {
			isa = PBXGroup;
			children = (
				7E80FDB20B50333E006D02C1 /* AfloatLogging.h */,
				7EA7E6EC0B295E7300D94E74 /* AfloatAgentCommunication.h */,
				7EDFF0800B09CAD90009C47F /* PrefPane */,
				7EDFF0780B09CA140009C47F /* Agent */,
				7E19DFAE0AFDF2B3006F3EF9 /* AfloatAnimation Testing Playground */,
				7EBFF9440AEAB2D00067AD4A /* Payload */,
				29B97323FDCFA39411CA2CEA /* Frameworks */,
				19C28FACFE9D520D11CA2CBB /* Products */,
			);
			name = AfloatAgent;
			sourceTree = "<group>";
		};
		29B97315FDCFA39411CA2CEA /* Other Sources */ = {
			isa = PBXGroup;
			children = (
				32CA4F630368D1EE00C91783 /* AfloatAgent_Prefix.pch */,
				29B97316FDCFA39411CA2CEA /* main.m */,
			);
			name = "Other Sources";
			sourceTree = "<group>";
		};
		29B97317FDCFA39411CA2CEA /* Resources */ = {
			isa = PBXGroup;
			children = (
				7E4B9F710B2E9B3000DD20D9 /* AfloatAgentIcon.icns */,
				8D1107310486CEB800E47090 /* Info.plist */,
				089C165CFE840E0CC02AAC07 /* InfoPlist.strings */,
				29B97318FDCFA39411CA2CEA /* MainMenu.nib */,
			);
			name = Resources;
			sourceTree = "<group>";
		};
		29B97323FDCFA39411CA2CEA /* Frameworks */ = {
			isa = PBXGroup;
			children = (
				1058C7A0FEA54F0111CA2CBB /* Linked Frameworks */,
				1058C7A2FEA54F0111CA2CBB /* Other Frameworks */,
			);
			name = Frameworks;
			sourceTree = "<group>";
		};
		7E19DFAE0AFDF2B3006F3EF9 /* AfloatAnimation Testing Playground */ = {
			isa = PBXGroup;
			children = (
				7E19DFAF0AFDF2D2006F3EF9 /* main-AfloatAnimationTester.m */,
			);
			name = "AfloatAnimation Testing Playground";
			sourceTree = "<group>";
		};
		7E56E5FF0AF9DB5700F41871 /* Resources */ = {
			isa = PBXGroup;
			children = (
				7E56E6190AF9DBBC00F41871 /* Hub.nib */,
			);
			name = Resources;
			sourceTree = "<group>";
		};
		7EBFF9440AEAB2D00067AD4A /* Payload */ = {
			isa = PBXGroup;
			children = (
				7E56E5FF0AF9DB5700F41871 /* Resources */,
				7EBFF9690AEAB3FF0067AD4A /* Classes */,
				7EBFF9550AEAB3170067AD4A /* Info.plist */,
			);
			path = Payload;
			sourceTree = "<group>";
		};
		7EBFF9690AEAB3FF0067AD4A /* Classes */ = {
			isa = PBXGroup;
			children = (
				7E6179960B3541B3003E7E34 /* AfloatWindowFader.h */,
				7E6179970B3541B3003E7E34 /* AfloatWindowFader.m */,
				7EE461970B09007A001C629F /* AfloatWindowAlphaAnimation.h */,
				7EE461980B09007A001C629F /* AfloatWindowAlphaAnimation.m */,
				7E62046F0AED37FC0024513B /* AfloatCarbon.h */,
				7E6204700AED37FC0024513B /* AfloatCarbon.m */,
				7ED280920AED1EC8001D88D9 /* AfloatPayloadEntryPoint.h */,
				7ED280930AED1EC8001D88D9 /* AfloatPayloadEntryPoint.m */,
				7E62045A0AED37420024513B /* AfloatCocoa.h */,
				7E62045B0AED37420024513B /* AfloatCocoa.m */,
				7E578CED0AEE925C0039B11D /* AfloatImplementation.h */,
				7E578CEE0AEE925C0039B11D /* AfloatImplementation.m */,
				7E258CA20AF356CD006931A7 /* AfloatHub.h */,
				7E258CA30AF356CD006931A7 /* AfloatHub.m */,
				7E4F5D170AFD1FDE00102CBA /* AfloatAnimator.h */,
				7E4F5D180AFD1FDE00102CBA /* AfloatAnimator.m */,
				7E06E8300B2A0048000A3440 /* GetApplicationFlavor.h */,
				7E06E8310B2A0048000A3440 /* GetApplicationFlavor.m */,
			);
			name = Classes;
			sourceTree = "<group>";
		};
		7EDFF0780B09CA140009C47F /* Agent */ = {
			isa = PBXGroup;
			children = (
				29B97317FDCFA39411CA2CEA /* Resources */,
				29B97315FDCFA39411CA2CEA /* Other Sources */,
				080E96DDFE201D6D7F000001 /* Classes */,
			);
			name = Agent;
			sourceTree = "<group>";
		};
		7EDFF0800B09CAD90009C47F /* PrefPane */ = {
			isa = PBXGroup;
			children = (
				7EDFF0B80B09CC350009C47F /* Classes */,
				7EDFF0A30B09CBA20009C47F /* Resources */,
			);
			path = PrefPane;
			sourceTree = "<group>";
		};
		7EDFF0A30B09CBA20009C47F /* Resources */ = {
			isa = PBXGroup;
			children = (
				7E4B9F650B2E982100DD20D9 /* AfloatPaneIcon.icns */,
				7E27317D0B2E0C8B007ED7AD /* Afloat.png */,
				7E643F500B0A3E1E00192BFB /* Banner.png */,
				7EDFF0C50B09CCBF0009C47F /* PrefPane.nib */,
				7EDFF0A60B09CBBA0009C47F /* Afloat-Info.plist */,
			);
			name = Resources;
			sourceTree = "<group>";
		};
		7EDFF0B80B09CC350009C47F /* Classes */ = {
			isa = PBXGroup;
			children = (
				7EDFF0B00B09CBF30009C47F /* AfloatPrefPane.h */,
				7EDFF0B10B09CBF30009C47F /* AfloatPrefPane.m */,
				7E832B0F0B2E06F80024E307 /* LoginItemsAE.h */,
				7E832B0E0B2E06F80024E307 /* LoginItemsAE.m */,
			);
			name = Classes;
			sourceTree = "<group>";
		};
/* End PBXGroup section */

/* Begin PBXHeadersBuildPhase section */
		7EBFF9630AEAB3A60067AD4A /* Headers */ = {
			isa = PBXHeadersBuildPhase;
			buildActionMask = 2147483647;
			files = (
			);
			runOnlyForDeploymentPostprocessing = 0;
		};
/* End PBXHeadersBuildPhase section */

/* Begin PBXNativeTarget section */
		7E19DFA00AFDF295006F3EF9 /* AfloatAnimationTester */ = {
			isa = PBXNativeTarget;
			buildConfigurationList = 7E19DFAB0AFDF2AC006F3EF9 /* Build configuration list for PBXNativeTarget "AfloatAnimationTester" */;
			buildPhases = (
				7E19DF9E0AFDF295006F3EF9 /* Sources */,
				7E19DF9F0AFDF295006F3EF9 /* Frameworks */,
			);
			buildRules = (
			);
			dependencies = (
			);
			name = AfloatAnimationTester;
			productName = AfloatAnimationTester;
			productReference = 7E19DFA10AFDF295006F3EF9 /* AfloatAnimationTester */;
			productType = "com.apple.product-type.tool";
		};
		7EBFF9530AEAB3170067AD4A /* AfloatPayload */ = {
			isa = PBXNativeTarget;
			buildConfigurationList = 7EBFF9560AEAB3180067AD4A /* Build configuration list for PBXNativeTarget "AfloatPayload" */;
			buildPhases = (
				7EBFF9500AEAB3170067AD4A /* Resources */,
				7EBFF9510AEAB3170067AD4A /* Sources */,
				7EBFF9520AEAB3170067AD4A /* Frameworks */,
				7E5876C20AF4C95700B33D87 /* Set Version from Subversion Revision */,
			);
			buildRules = (
			);
			dependencies = (
			);
			name = AfloatPayload;
			productName = AfloatPayload;
			productReference = 7EBFF9540AEAB3170067AD4A /* AfloatPayload.bundle */;
			productType = "com.apple.product-type.bundle";
		};
		7EDFF0840B09CB000009C47F /* Afloat */ = {
			isa = PBXNativeTarget;
			buildConfigurationList = 7EDFF0870B09CB010009C47F /* Build configuration list for PBXNativeTarget "Afloat" */;
			buildPhases = (
				7EDFF0810B09CB000009C47F /* Resources */,
				7EDFF0820B09CB000009C47F /* Sources */,
				7EDFF0830B09CB000009C47F /* Frameworks */,
				7EDFF08D0B09CB480009C47F /* Set Version from Subversion Revision */,
				7E6CF6690B354A6300A215B4 /* Set HFS Attributes on Wrapper */,
			);
			buildRules = (
			);
			dependencies = (
				7EDFF0AF0B09CBE20009C47F /* PBXTargetDependency */,
			);
			name = Afloat;
			productName = Afloat;
			productReference = 7EDFF0850B09CB000009C47F /* Afloat.prefPane */;
			productType = "com.apple.product-type.bundle";
		};
		8D1107260486CEB800E47090 /* AfloatAgent */ = {
			isa = PBXNativeTarget;
			buildConfigurationList = C01FCF4A08A954540054247B /* Build configuration list for PBXNativeTarget "AfloatAgent" */;
			buildPhases = (
				8D1107290486CEB800E47090 /* Resources */,
				8D11072C0486CEB800E47090 /* Sources */,
				8D11072E0486CEB800E47090 /* Frameworks */,
				7EBFF9180AEAB01C0067AD4A /* CopyFiles */,
				7EBFF9630AEAB3A60067AD4A /* Headers */,
				7E5876C00AF4C93C00B33D87 /* Set Version from Subversion Revision */,
			);
			buildRules = (
			);
			dependencies = (
				7EBFF9790AEAB4660067AD4A /* PBXTargetDependency */,
			);
			name = AfloatAgent;
			productInstallPath = "$(HOME)/Applications";
			productName = AfloatAgent;
			productReference = 8D1107320486CEB800E47090 /* Afloat Agent.app */;
			productType = "com.apple.product-type.application";
		};
/* End PBXNativeTarget section */

/* Begin PBXProject section */
		29B97313FDCFA39411CA2CEA /* Project object */ = {
			isa = PBXProject;
			buildConfigurationList = C01FCF4E08A954540054247B /* Build configuration list for PBXProject "AfloatAgent" */;
			hasScannedForEncodings = 1;
			mainGroup = 29B97314FDCFA39411CA2CEA /* AfloatAgent */;
			projectDirPath = "";
			targets = (
				8D1107260486CEB800E47090 /* AfloatAgent */,
				7EBFF9530AEAB3170067AD4A /* AfloatPayload */,
				7E19DFA00AFDF295006F3EF9 /* AfloatAnimationTester */,
				7EDFF0840B09CB000009C47F /* Afloat */,
			);
		};
/* End PBXProject section */

/* Begin PBXResourcesBuildPhase section */
		7EBFF9500AEAB3170067AD4A /* Resources */ = {
			isa = PBXResourcesBuildPhase;
			buildActionMask = 2147483647;
			files = (
				7E56E61B0AF9DBBC00F41871 /* Hub.nib in Resources */,
			);
			runOnlyForDeploymentPostprocessing = 0;
		};
		7EDFF0810B09CB000009C47F /* Resources */ = {
			isa = PBXResourcesBuildPhase;
			buildActionMask = 2147483647;
			files = (
				7E27317E0B2E0C8B007ED7AD /* Afloat.png in Resources */,
				7EDFF0AB0B09CBD90009C47F /* Afloat Agent.app in Resources */,
				7EDFF0C70B09CCBF0009C47F /* PrefPane.nib in Resources */,
				7E643F510B0A3E1E00192BFB /* Banner.png in Resources */,
				7E4B9F660B2E982100DD20D9 /* AfloatPaneIcon.icns in Resources */,
			);
			runOnlyForDeploymentPostprocessing = 0;
		};
		8D1107290486CEB800E47090 /* Resources */ = {
			isa = PBXResourcesBuildPhase;
			buildActionMask = 2147483647;
			files = (
				7EBFF97C0AEAB4760067AD4A /* AfloatPayload.bundle in Resources */,
				8D11072A0486CEB800E47090 /* MainMenu.nib in Resources */,
				8D11072B0486CEB800E47090 /* InfoPlist.strings in Resources */,
				7E4B9F720B2E9B3000DD20D9 /* AfloatAgentIcon.icns in Resources */,
			);
			runOnlyForDeploymentPostprocessing = 0;
		};
/* End PBXResourcesBuildPhase section */

/* Begin PBXShellScriptBuildPhase section */
		7E5876C00AF4C93C00B33D87 /* Set Version from Subversion Revision */ = {
			isa = PBXShellScriptBuildPhase;
			buildActionMask = 2147483647;
			files = (
			);
			inputPaths = (
			);
			name = "Set Version from Subversion Revision";
			outputPaths = (
			);
			runOnlyForDeploymentPostprocessing = 0;
			shellPath = "/usr/bin/perl -w";
			shellScript = "# Xcode auto-versioning script for Subversion\n# by Axel Andersson, modified by Daniel Jalkut to add\n# \"--revision HEAD\" to the svn info line, which allows\n# the latest revision to always be used.\n\nuse strict;\n\ndie \"$0: Must be run from Xcode\" unless $ENV{\"BUILT_PRODUCTS_DIR\"};\n\n# Get the current subversion revision number and use it to set the CFBundleVersion value\nmy $REV = `/usr/local/bin/svnversion -n ./`;\nmy $INFO = \"$ENV{BUILT_PRODUCTS_DIR}/$ENV{WRAPPER_NAME}/Contents/Info.plist\";\n\nmy $version = $REV;\n\n# (Match the last group of digits and optional letter M/S):\n\n# ugly yet functional (barely) regex by Daniel Jalkut:\n#$version =~ s/([\\d]*:)(\\d+[M|S]*).*/$2/;\n\n# better yet still functional regex via Kevin \"Regex Nerd\" Ballard\n($version =~ m/\\d+[MS]*$/) && ($version = $&);\n\ndie \"$0: No Subversion revision found\" unless $version;\n\nopen(FH, \"$INFO\") or die \"$0: $INFO: $!\";\nmy $info = join(\"\", <FH>);\nclose(FH);\n\n$info =~ s/([\\t ]+<key>CFBundleVersion<\\/key>\\n[\\t ]+<string>).*?(<\\/string>)/$1$version$2/;\n\nopen(FH, \">$INFO\") or die \"$0: $INFO: $!\";\nprint FH $info;\nclose(FH);";
		};
		7E5876C20AF4C95700B33D87 /* Set Version from Subversion Revision */ = {
			isa = PBXShellScriptBuildPhase;
			buildActionMask = 2147483647;
			files = (
			);
			inputPaths = (
			);
			name = "Set Version from Subversion Revision";
			outputPaths = (
			);
			runOnlyForDeploymentPostprocessing = 0;
			shellPath = "/usr/bin/perl -w";
			shellScript = "# Xcode auto-versioning script for Subversion\n# by Axel Andersson, modified by Daniel Jalkut to add\n# \"--revision HEAD\" to the svn info line, which allows\n# the latest revision to always be used.\n\nuse strict;\n\ndie \"$0: Must be run from Xcode\" unless $ENV{\"BUILT_PRODUCTS_DIR\"};\n\n# Get the current subversion revision number and use it to set the CFBundleVersion value\nmy $REV = `/usr/local/bin/svnversion -n ./`;\nmy $INFO = \"$ENV{BUILT_PRODUCTS_DIR}/$ENV{WRAPPER_NAME}/Contents/Info.plist\";\n\nmy $version = $REV;\n\n# (Match the last group of digits and optional letter M/S):\n\n# ugly yet functional (barely) regex by Daniel Jalkut:\n#$version =~ s/([\\d]*:)(\\d+[M|S]*).*/$2/;\n\n# better yet still functional regex via Kevin \"Regex Nerd\" Ballard\n($version =~ m/\\d+[MS]*$/) && ($version = $&);\n\ndie \"$0: No Subversion revision found\" unless $version;\n\nopen(FH, \"$INFO\") or die \"$0: $INFO: $!\";\nmy $info = join(\"\", <FH>);\nclose(FH);\n\n$info =~ s/([\\t ]+<key>CFBundleVersion<\\/key>\\n[\\t ]+<string>).*?(<\\/string>)/$1$version$2/;\n\nopen(FH, \">$INFO\") or die \"$0: $INFO: $!\";\nprint FH $info;\nclose(FH);";
		};
		7E6CF6690B354A6300A215B4 /* Set HFS Attributes on Wrapper */ = {
			isa = PBXShellScriptBuildPhase;
			buildActionMask = 2147483647;
			files = (
			);
			inputPaths = (
			);
			name = "Set HFS Attributes on Wrapper";
			outputPaths = (
			);
			runOnlyForDeploymentPostprocessing = 0;
			shellPath = /bin/sh;
			shellScript = "# Sets HFS bundle, custom icon and hidden extension\n# bits upon Afloat.prefPane.\n\n/Developer/Tools/SetFile -a BCE \"$BUILT_PRODUCTS_DIR/$WRAPPER_NAME\"\necho \"Let's think the unthinkable, let's do the undoable, let's prepare to grapple with the ineffable itself, and see if we may not eff it after all. -- Dirk Gently's Holistic Detective Agency, Douglas Noel Adams\" > \"$BUILT_PRODUCTS_DIR/$WRAPPER_NAME/Contents/Resources/Quote.txt\"\n";
		};
		7EDFF08D0B09CB480009C47F /* Set Version from Subversion Revision */ = {
			isa = PBXShellScriptBuildPhase;
			buildActionMask = 2147483647;
			files = (
			);
			inputPaths = (
			);
			name = "Set Version from Subversion Revision";
			outputPaths = (
			);
			runOnlyForDeploymentPostprocessing = 0;
			shellPath = "/usr/bin/perl -w";
			shellScript = "# Xcode auto-versioning script for Subversion\n# by Axel Andersson, modified by Daniel Jalkut to add\n# \"--revision HEAD\" to the svn info line, which allows\n# the latest revision to always be used.\n\nuse strict;\n\ndie \"$0: Must be run from Xcode\" unless $ENV{\"BUILT_PRODUCTS_DIR\"};\n\n# Get the current subversion revision number and use it to set the CFBundleVersion value\nmy $REV = `/usr/local/bin/svnversion -n ./`;\nmy $INFO = \"$ENV{BUILT_PRODUCTS_DIR}/$ENV{WRAPPER_NAME}/Contents/Info.plist\";\n\nmy $version = $REV;\n\n# (Match the last group of digits and optional letter M/S):\n\n# ugly yet functional (barely) regex by Daniel Jalkut:\n#$version =~ s/([\\d]*:)(\\d+[M|S]*).*/$2/;\n\n# better yet still functional regex via Kevin \"Regex Nerd\" Ballard\n($version =~ m/\\d+[MS]*$/) && ($version = $&);\n\ndie \"$0: No Subversion revision found\" unless $version;\n\nopen(FH, \"$INFO\") or die \"$0: $INFO: $!\";\nmy $info = join(\"\", <FH>);\nclose(FH);\n\n$info =~ s/([\\t ]+<key>CFBundleVersion<\\/key>\\n[\\t ]+<string>).*?(<\\/string>)/$1$version$2/;\n\nopen(FH, \">$INFO\") or die \"$0: $INFO: $!\";\nprint FH $info;\nclose(FH);";
		};
/* End PBXShellScriptBuildPhase section */

/* Begin PBXSourcesBuildPhase section */
		7E19DF9E0AFDF295006F3EF9 /* Sources */ = {
			isa = PBXSourcesBuildPhase;
			buildActionMask = 2147483647;
			files = (
				7E19DFA40AFDF2A6006F3EF9 /* AfloatAnimator.m in Sources */,
				7E19DFB30AFDF2DC006F3EF9 /* main-AfloatAnimationTester.m in Sources */,
			);
			runOnlyForDeploymentPostprocessing = 0;
		};
		7EBFF9510AEAB3170067AD4A /* Sources */ = {
			isa = PBXSourcesBuildPhase;
			buildActionMask = 2147483647;
			files = (
				7E6204F80AED3B1B0024513B /* AfloatPayloadEntryPoint.m in Sources */,
				7E6204FA0AED3B280024513B /* AfloatCocoa.m in Sources */,
				7E6204FC0AED3B2D0024513B /* AfloatCarbon.m in Sources */,
				7E578CEF0AEE925C0039B11D /* AfloatImplementation.m in Sources */,
				7E258CA40AF356CD006931A7 /* AfloatHub.m in Sources */,
				7E6179DA0B354509003E7E34 /* AfloatWindowFader.m in Sources */,
				7E4F5D190AFD1FDE00102CBA /* AfloatAnimator.m in Sources */,
				7EE461990B09007A001C629F /* AfloatWindowAlphaAnimation.m in Sources */,
				7E06E8320B2A0048000A3440 /* GetApplicationFlavor.m in Sources */,
			);
			runOnlyForDeploymentPostprocessing = 0;
		};
		7EDFF0820B09CB000009C47F /* Sources */ = {
			isa = PBXSourcesBuildPhase;
			buildActionMask = 2147483647;
			files = (
				7EDFF0B20B09CBF30009C47F /* AfloatPrefPane.m in Sources */,
				7E832B100B2E06F80024E307 /* LoginItemsAE.m in Sources */,
			);
			runOnlyForDeploymentPostprocessing = 0;
		};
		8D11072C0486CEB800E47090 /* Sources */ = {
			isa = PBXSourcesBuildPhase;
			buildActionMask = 2147483647;
			files = (
				8D11072D0486CEB800E47090 /* main.m in Sources */,
				7E6204F50AED3B0D0024513B /* AfloatLoader.m in Sources */,
			);
			runOnlyForDeploymentPostprocessing = 0;
		};
/* End PBXSourcesBuildPhase section */

/* Begin PBXTargetDependency section */
		7EBFF9790AEAB4660067AD4A /* PBXTargetDependency */ = {
			isa = PBXTargetDependency;
			target = 7EBFF9530AEAB3170067AD4A /* AfloatPayload */;
			targetProxy = 7EBFF9780AEAB4660067AD4A /* PBXContainerItemProxy */;
		};
		7EDFF0AF0B09CBE20009C47F /* PBXTargetDependency */ = {
			isa = PBXTargetDependency;
			target = 8D1107260486CEB800E47090 /* AfloatAgent */;
			targetProxy = 7EDFF0AE0B09CBE20009C47F /* PBXContainerItemProxy */;
		};
/* End PBXTargetDependency section */

/* Begin PBXVariantGroup section */
		089C165CFE840E0CC02AAC07 /* InfoPlist.strings */ = {
			isa = PBXVariantGroup;
			children = (
				089C165DFE840E0CC02AAC07 /* English */,
			);
			name = InfoPlist.strings;
			sourceTree = "<group>";
		};
		29B97318FDCFA39411CA2CEA /* MainMenu.nib */ = {
			isa = PBXVariantGroup;
			children = (
				29B97319FDCFA39411CA2CEA /* English */,
			);
			name = MainMenu.nib;
			sourceTree = "<group>";
		};
		7E56E6190AF9DBBC00F41871 /* Hub.nib */ = {
			isa = PBXVariantGroup;
			children = (
				7E56E61A0AF9DBBC00F41871 /* English */,
			);
			name = Hub.nib;
			path = ..;
			sourceTree = "<group>";
		};
		7EDFF0C50B09CCBF0009C47F /* PrefPane.nib */ = {
			isa = PBXVariantGroup;
			children = (
				7EDFF0C60B09CCBF0009C47F /* English */,
			);
			name = PrefPane.nib;
			path = ..;
			sourceTree = "<group>";
		};
/* End PBXVariantGroup section */

/* Begin XCBuildConfiguration section */
		7E19DFAC0AFDF2AC006F3EF9 /* Debug */ = {
			isa = XCBuildConfiguration;
			buildSettings = {
				COPY_PHASE_STRIP = NO;
				GCC_DYNAMIC_NO_PIC = NO;
				GCC_ENABLE_FIX_AND_CONTINUE = YES;
				GCC_GENERATE_DEBUGGING_SYMBOLS = YES;
				GCC_MODEL_TUNING = G5;
				GCC_OPTIMIZATION_LEVEL = 0;
				GCC_PRECOMPILE_PREFIX_HEADER = YES;
				GCC_PREFIX_HEADER = "$(SYSTEM_LIBRARY_DIR)/Frameworks/AppKit.framework/Headers/AppKit.h";
				INSTALL_PATH = "$(HOME)/bin";
				OTHER_LDFLAGS = (
					"-framework",
					Foundation,
					"-framework",
					AppKit,
				);
				PREBINDING = NO;
				PRODUCT_NAME = AfloatAnimationTester;
				ZERO_LINK = YES;
			};
			name = Debug;
		};
		7E19DFAD0AFDF2AC006F3EF9 /* Release */ = {
			isa = XCBuildConfiguration;
			buildSettings = {
				COPY_PHASE_STRIP = YES;
				GCC_ENABLE_FIX_AND_CONTINUE = NO;
				GCC_GENERATE_DEBUGGING_SYMBOLS = NO;
				GCC_MODEL_TUNING = G5;
				GCC_PRECOMPILE_PREFIX_HEADER = YES;
				GCC_PREFIX_HEADER = "$(SYSTEM_LIBRARY_DIR)/Frameworks/AppKit.framework/Headers/AppKit.h";
				INSTALL_PATH = "$(HOME)/bin";
				OTHER_LDFLAGS = (
					"-framework",
					Foundation,
					"-framework",
					AppKit,
				);
				PREBINDING = NO;
				PRODUCT_NAME = AfloatAnimationTester;
				ZERO_LINK = NO;
			};
			name = Release;
		};
		7E80FC220B4FFEB4006D02C1 /* Debug (Universal Binary) */ = {
			isa = XCBuildConfiguration;
			buildSettings = {
				COPY_PHASE_STRIP = NO;
				FRAMEWORK_SEARCH_PATHS = (
					"$(inherited)",
					"$(FRAMEWORK_SEARCH_PATHS_QUOTED_1)",
					"$(FRAMEWORK_SEARCH_PATHS_QUOTED_2)",
				);
				FRAMEWORK_SEARCH_PATHS_QUOTED_1 = "\"$(SRCROOT)\"";
				FRAMEWORK_SEARCH_PATHS_QUOTED_2 = "\"$(SRCROOT)/Payload\"";
				GCC_DYNAMIC_NO_PIC = NO;
				GCC_ENABLE_FIX_AND_CONTINUE = YES;
				GCC_GENERATE_DEBUGGING_SYMBOLS = YES;
				GCC_MODEL_TUNING = G5;
				GCC_OPTIMIZATION_LEVEL = 0;
				GCC_PRECOMPILE_PREFIX_HEADER = YES;
				GCC_PREFIX_HEADER = "$(SYSTEM_LIBRARY_DIR)/Frameworks/AppKit.framework/Headers/AppKit.h";
				INFOPLIST_FILE = Payload/Info.plist;
				INSTALL_PATH = "$(HOME)/Library/Bundles";
				OTHER_LDFLAGS = (
					"-framework",
					Foundation,
					"-framework",
					AppKit,
				);
				PREBINDING = NO;
				PRODUCT_NAME = AfloatPayload;
				WRAPPER_EXTENSION = bundle;
				ZERO_LINK = YES;
			};
			name = "Debug (Universal Binary)";
		};
		7E80FC230B4FFEB4006D02C1 /* Debug (Universal Binary) */ = {
			isa = XCBuildConfiguration;
			buildSettings = {
				COPY_PHASE_STRIP = NO;
				FRAMEWORK_SEARCH_PATHS = (
					"$(inherited)",
					"$(FRAMEWORK_SEARCH_PATHS_QUOTED_1)",
					"$(FRAMEWORK_SEARCH_PATHS_QUOTED_2)",
				);
				FRAMEWORK_SEARCH_PATHS_QUOTED_1 = "\"$(SRCROOT)\"";
				FRAMEWORK_SEARCH_PATHS_QUOTED_2 = "\"$(SRCROOT)\"";
				GCC_DYNAMIC_NO_PIC = NO;
				GCC_ENABLE_FIX_AND_CONTINUE = YES;
				GCC_MODEL_TUNING = G5;
				GCC_OPTIMIZATION_LEVEL = 0;
				INFOPLIST_FILE = Info.plist;
				INSTALL_PATH = "$(HOME)/Applications";
				PRODUCT_NAME = "Afloat Agent";
				WRAPPER_EXTENSION = app;
				ZERO_LINK = YES;
			};
			name = "Debug (Universal Binary)";
		};
		7E80FC240B4FFEB4006D02C1 /* Debug (Universal Binary) */ = {
			isa = XCBuildConfiguration;
			buildSettings = {
				COPY_PHASE_STRIP = NO;
				GCC_DYNAMIC_NO_PIC = NO;
				GCC_ENABLE_FIX_AND_CONTINUE = YES;
				GCC_GENERATE_DEBUGGING_SYMBOLS = YES;
				GCC_MODEL_TUNING = G5;
				GCC_OPTIMIZATION_LEVEL = 0;
				GCC_PRECOMPILE_PREFIX_HEADER = YES;
				GCC_PREFIX_HEADER = "$(SYSTEM_LIBRARY_DIR)/Frameworks/AppKit.framework/Headers/AppKit.h";
				INSTALL_PATH = "$(HOME)/bin";
				OTHER_LDFLAGS = (
					"-framework",
					Foundation,
					"-framework",
					AppKit,
				);
				PREBINDING = NO;
				PRODUCT_NAME = AfloatAnimationTester;
				ZERO_LINK = YES;
			};
			name = "Debug (Universal Binary)";
		};
		7E80FC250B4FFEB4006D02C1 /* Debug (Universal Binary) */ = {
			isa = XCBuildConfiguration;
			buildSettings = {
				COPY_PHASE_STRIP = NO;
				GCC_DYNAMIC_NO_PIC = NO;
				GCC_ENABLE_FIX_AND_CONTINUE = YES;
				GCC_GENERATE_DEBUGGING_SYMBOLS = YES;
				GCC_MODEL_TUNING = G5;
				GCC_OPTIMIZATION_LEVEL = 0;
				GCC_PRECOMPILE_PREFIX_HEADER = YES;
				GCC_PREFIX_HEADER = "$(SYSTEM_LIBRARY_DIR)/Frameworks/AppKit.framework/Headers/AppKit.h";
				GCC_WARN_TYPECHECK_CALLS_TO_PRINTF = YES;
				INFOPLIST_FILE = "PrefPane/Afloat-Info.plist";
				INSTALL_PATH = "$(HOME)/Library/Bundles";
				MACOSX_DEPLOYMENT_TARGET = 10.3;
				OTHER_LDFLAGS = (
					"-framework",
					Foundation,
					"-framework",
					AppKit,
				);
				PREBINDING = NO;
				PRODUCT_NAME = Afloat;
				WRAPPER_EXTENSION = prefPane;
				ZERO_LINK = YES;
			};
			name = "Debug (Universal Binary)";
		};
		7E80FC260B4FFEB4006D02C1 /* Debug (Universal Binary) */ = {
			isa = XCBuildConfiguration;
			buildSettings = {
				ARCHS = (
					ppc,
					i386,
				);
				GCC_ENABLE_OBJC_EXCEPTIONS = YES;
				GCC_PREPROCESSOR_DEFINITIONS = AfloatDebugging;
				GCC_WARN_ABOUT_RETURN_TYPE = YES;
				GCC_WARN_UNUSED_VARIABLE = YES;
				PREBINDING = NO;
				SDKROOT = /Developer/SDKs/MacOSX10.4u.sdk;
			};
			name = "Debug (Universal Binary)";
		};
		7EBFF9570AEAB3180067AD4A /* Debug */ = {
			isa = XCBuildConfiguration;
			buildSettings = {
				COPY_PHASE_STRIP = NO;
				FRAMEWORK_SEARCH_PATHS = (
					"$(inherited)",
					"$(FRAMEWORK_SEARCH_PATHS_QUOTED_1)",
					"$(FRAMEWORK_SEARCH_PATHS_QUOTED_2)",
				);
				FRAMEWORK_SEARCH_PATHS_QUOTED_1 = "\"$(SRCROOT)\"";
				FRAMEWORK_SEARCH_PATHS_QUOTED_2 = "\"$(SRCROOT)/Payload\"";
				GCC_DYNAMIC_NO_PIC = NO;
				GCC_ENABLE_FIX_AND_CONTINUE = YES;
				GCC_GENERATE_DEBUGGING_SYMBOLS = YES;
				GCC_MODEL_TUNING = G5;
				GCC_OPTIMIZATION_LEVEL = 0;
				GCC_PRECOMPILE_PREFIX_HEADER = YES;
				GCC_PREFIX_HEADER = "$(SYSTEM_LIBRARY_DIR)/Frameworks/AppKit.framework/Headers/AppKit.h";
				INFOPLIST_FILE = Payload/Info.plist;
				INSTALL_PATH = "$(HOME)/Library/Bundles";
				OTHER_LDFLAGS = (
					"-framework",
					Foundation,
					"-framework",
					AppKit,
				);
				PREBINDING = NO;
				PRODUCT_NAME = AfloatPayload;
				WRAPPER_EXTENSION = bundle;
				ZERO_LINK = YES;
			};
			name = Debug;
		};
		7EBFF9580AEAB3180067AD4A /* Release */ = {
			isa = XCBuildConfiguration;
			buildSettings = {
				COPY_PHASE_STRIP = YES;
				FRAMEWORK_SEARCH_PATHS = (
					"$(inherited)",
					"$(FRAMEWORK_SEARCH_PATHS_QUOTED_1)",
					"$(FRAMEWORK_SEARCH_PATHS_QUOTED_2)",
				);
				FRAMEWORK_SEARCH_PATHS_QUOTED_1 = "\"$(SRCROOT)\"";
				FRAMEWORK_SEARCH_PATHS_QUOTED_2 = "\"$(SRCROOT)/Payload\"";
				GCC_ENABLE_FIX_AND_CONTINUE = NO;
				GCC_GENERATE_DEBUGGING_SYMBOLS = NO;
				GCC_MODEL_TUNING = G5;
				GCC_PRECOMPILE_PREFIX_HEADER = YES;
				GCC_PREFIX_HEADER = "$(SYSTEM_LIBRARY_DIR)/Frameworks/AppKit.framework/Headers/AppKit.h";
				INFOPLIST_FILE = Payload/Info.plist;
				INSTALL_PATH = "$(HOME)/Library/Bundles";
				OTHER_LDFLAGS = (
					"-framework",
					Foundation,
					"-framework",
					AppKit,
				);
				PREBINDING = NO;
				PRODUCT_NAME = AfloatPayload;
				WRAPPER_EXTENSION = bundle;
				ZERO_LINK = NO;
			};
			name = Release;
		};
		7EDFF0880B09CB010009C47F /* Debug */ = {
			isa = XCBuildConfiguration;
			buildSettings = {
				COPY_PHASE_STRIP = NO;
				GCC_DYNAMIC_NO_PIC = NO;
				GCC_ENABLE_FIX_AND_CONTINUE = YES;
				GCC_GENERATE_DEBUGGING_SYMBOLS = YES;
				GCC_MODEL_TUNING = G5;
				GCC_OPTIMIZATION_LEVEL = 0;
				GCC_PRECOMPILE_PREFIX_HEADER = YES;
				GCC_PREFIX_HEADER = "$(SYSTEM_LIBRARY_DIR)/Frameworks/AppKit.framework/Headers/AppKit.h";
				GCC_WARN_TYPECHECK_CALLS_TO_PRINTF = YES;
				INFOPLIST_FILE = "PrefPane/Afloat-Info.plist";
				INSTALL_PATH = "$(HOME)/Library/Bundles";
				MACOSX_DEPLOYMENT_TARGET = 10.3;
				OTHER_LDFLAGS = (
					"-framework",
					Foundation,
					"-framework",
					AppKit,
				);
				PREBINDING = NO;
				PRODUCT_NAME = Afloat;
				WRAPPER_EXTENSION = prefPane;
				ZERO_LINK = YES;
			};
			name = Debug;
		};
		7EDFF0890B09CB010009C47F /* Release */ = {
			isa = XCBuildConfiguration;
			buildSettings = {
				COPY_PHASE_STRIP = YES;
				GCC_ENABLE_FIX_AND_CONTINUE = NO;
				GCC_GENERATE_DEBUGGING_SYMBOLS = NO;
				GCC_MODEL_TUNING = G5;
				GCC_PRECOMPILE_PREFIX_HEADER = YES;
				GCC_PREFIX_HEADER = "$(SYSTEM_LIBRARY_DIR)/Frameworks/AppKit.framework/Headers/AppKit.h";
				GCC_WARN_TYPECHECK_CALLS_TO_PRINTF = YES;
				INFOPLIST_FILE = "PrefPane/Afloat-Info.plist";
				INSTALL_PATH = "$(HOME)/Library/Bundles";
				MACOSX_DEPLOYMENT_TARGET = 10.3;
				OTHER_LDFLAGS = (
					"-framework",
					Foundation,
					"-framework",
					AppKit,
				);
				PREBINDING = NO;
				PRODUCT_NAME = Afloat;
				WRAPPER_EXTENSION = prefPane;
				ZERO_LINK = NO;
			};
			name = Release;
		};
		C01FCF4B08A954540054247B /* Debug */ = {
			isa = XCBuildConfiguration;
			buildSettings = {
				COPY_PHASE_STRIP = NO;
				FRAMEWORK_SEARCH_PATHS = (
					"$(inherited)",
					"$(FRAMEWORK_SEARCH_PATHS_QUOTED_1)",
					"$(FRAMEWORK_SEARCH_PATHS_QUOTED_2)",
				);
				FRAMEWORK_SEARCH_PATHS_QUOTED_1 = "\"$(SRCROOT)\"";
				FRAMEWORK_SEARCH_PATHS_QUOTED_2 = "\"$(SRCROOT)\"";
				GCC_DYNAMIC_NO_PIC = NO;
				GCC_ENABLE_FIX_AND_CONTINUE = YES;
				GCC_MODEL_TUNING = G5;
				GCC_OPTIMIZATION_LEVEL = 0;
				INFOPLIST_FILE = Info.plist;
				INSTALL_PATH = "$(HOME)/Applications";
				PRODUCT_NAME = "Afloat Agent";
				WRAPPER_EXTENSION = app;
				ZERO_LINK = YES;
			};
			name = Debug;
		};
		C01FCF4C08A954540054247B /* Release */ = {
			isa = XCBuildConfiguration;
			buildSettings = {
				ARCHS = (
					ppc,
					i386,
				);
				FRAMEWORK_SEARCH_PATHS = (
					"$(inherited)",
					"$(FRAMEWORK_SEARCH_PATHS_QUOTED_1)",
					"$(FRAMEWORK_SEARCH_PATHS_QUOTED_2)",
				);
				FRAMEWORK_SEARCH_PATHS_QUOTED_1 = "\"$(SRCROOT)\"";
				FRAMEWORK_SEARCH_PATHS_QUOTED_2 = "\"$(SRCROOT)\"";
				GCC_GENERATE_DEBUGGING_SYMBOLS = NO;
				GCC_MODEL_TUNING = G5;
				INFOPLIST_FILE = Info.plist;
				INSTALL_PATH = "$(HOME)/Applications";
				PRODUCT_NAME = "Afloat Agent";
				WRAPPER_EXTENSION = app;
			};
			name = Release;
		};
		C01FCF4F08A954540054247B /* Debug */ = {
			isa = XCBuildConfiguration;
			buildSettings = {
				GCC_ENABLE_OBJC_EXCEPTIONS = YES;
				GCC_PREPROCESSOR_DEFINITIONS = AfloatDebugging;
				GCC_WARN_ABOUT_RETURN_TYPE = YES;
				GCC_WARN_UNUSED_VARIABLE = YES;
				PREBINDING = NO;
				SDKROOT = /Developer/SDKs/MacOSX10.4u.sdk;
			};
			name = Debug;
		};
		C01FCF5008A954540054247B /* Release */ = {
			isa = XCBuildConfiguration;
			buildSettings = {
				ARCHS = (
					ppc,
					i386,
				);
				GCC_ENABLE_OBJC_EXCEPTIONS = YES;
				GCC_WARN_ABOUT_RETURN_TYPE = YES;
				GCC_WARN_UNUSED_VARIABLE = YES;
				PREBINDING = NO;
				SDKROOT = /Developer/SDKs/MacOSX10.4u.sdk;
			};
			name = Release;
		};
/* End XCBuildConfiguration section */

/* Begin XCConfigurationList section */
		7E19DFAB0AFDF2AC006F3EF9 /* Build configuration list for PBXNativeTarget "AfloatAnimationTester" */ = {
			isa = XCConfigurationList;
			buildConfigurations = (
				7E19DFAC0AFDF2AC006F3EF9 /* Debug */,
				7E80FC240B4FFEB4006D02C1 /* Debug (Universal Binary) */,
				7E19DFAD0AFDF2AC006F3EF9 /* Release */,
			);
			defaultConfigurationIsVisible = 0;
			defaultConfigurationName = Release;
		};
		7EBFF9560AEAB3180067AD4A /* Build configuration list for PBXNativeTarget "AfloatPayload" */ = {
			isa = XCConfigurationList;
			buildConfigurations = (
				7EBFF9570AEAB3180067AD4A /* Debug */,
				7E80FC220B4FFEB4006D02C1 /* Debug (Universal Binary) */,
				7EBFF9580AEAB3180067AD4A /* Release */,
			);
			defaultConfigurationIsVisible = 0;
			defaultConfigurationName = Release;
		};
		7EDFF0870B09CB010009C47F /* Build configuration list for PBXNativeTarget "Afloat" */ = {
			isa = XCConfigurationList;
			buildConfigurations = (
				7EDFF0880B09CB010009C47F /* Debug */,
				7E80FC250B4FFEB4006D02C1 /* Debug (Universal Binary) */,
				7EDFF0890B09CB010009C47F /* Release */,
			);
			defaultConfigurationIsVisible = 0;
			defaultConfigurationName = Release;
		};
		C01FCF4A08A954540054247B /* Build configuration list for PBXNativeTarget "AfloatAgent" */ = {
			isa = XCConfigurationList;
			buildConfigurations = (
				C01FCF4B08A954540054247B /* Debug */,
				7E80FC230B4FFEB4006D02C1 /* Debug (Universal Binary) */,
				C01FCF4C08A954540054247B /* Release */,
			);
			defaultConfigurationIsVisible = 0;
			defaultConfigurationName = Release;
		};
		C01FCF4E08A954540054247B /* Build configuration list for PBXProject "AfloatAgent" */ = {
			isa = XCConfigurationList;
			buildConfigurations = (
				C01FCF4F08A954540054247B /* Debug */,
				7E80FC260B4FFEB4006D02C1 /* Debug (Universal Binary) */,
				C01FCF5008A954540054247B /* Release */,
			);
			defaultConfigurationIsVisible = 0;
			defaultConfigurationName = Release;
		};
/* End XCConfigurationList section */
	};
	rootObject = 29B97313FDCFA39411CA2CEA /* Project object */;
}
